PODS:
  - HHUnitConverter (2.0):
    - PESGraph
  - PESGraph (0.2.1)
  - RAMAnimatedTabBarController (2.0.13)

DEPENDENCIES:
  - HHUnitConverter
  - RAMAnimatedTabBarController (~> 2.0.13)

SPEC CHECKSUMS:
  HHUnitConverter: 77f06b83f6fcdd17418cf57b8fd96184c8b509cc
  PESGraph: 679c7d032cf46d3979214d8584ae70062aa4277d
  RAMAnimatedTabBarController: 2510f3b66954c3f77ea1042a35d34df8f5f3b604

PODFILE CHECKSUM: 600ae0238782db8247271d73d42897d6ea2c4f4f

COCOAPODS: 1.1.1
