// !$*UTF8*$!
{
	archiveVersion = 1;
	classes = {
	};
	objectVersion = 46;
	objects = {

/* Begin PBXBuildFile section */
		46F7820452121C5017851CE1 /* Pods_chartofnuclides.framework in Frameworks */ = {isa = PBXBuildFile; fileRef = 70B5A563512EE6E4EE9E3FCE /* Pods_chartofnuclides.framework */; };
		AE183F2B1E5CBEAD00C72291 /* ElementManager.swift in Sources */ = {isa = PBXBuildFile; fileRef = AE183F2A1E5CBEAD00C72291 /* ElementManager.swift */; };
		AE183F531E5CC94500C72291 /* FadeInAnimator.swift in Sources */ = {isa = PBXBuildFile; fileRef = AE183F521E5CC94500C72291 /* FadeInAnimator.swift */; };
		AE183F551E5CC97300C72291 /* CalculatorNavigationControllerDelegate.swift in Sources */ = {isa = PBXBuildFile; fileRef = AE183F541E5CC97300C72291 /* CalculatorNavigationControllerDelegate.swift */; };
		AE183F581E5CDDFA00C72291 /* sendDataToPreviousViewController.swift in Sources */ = {isa = PBXBuildFile; fileRef = AE183F571E5CDDFA00C72291 /* sendDataToPreviousViewController.swift */; };
		AE183F5A1E5CEA4A00C72291 /* nuclides.json in Resources */ = {isa = PBXBuildFile; fileRef = AE183F591E5CEA4A00C72291 /* nuclides.json */; };
		AE183F5C1E5CEBCA00C72291 /* DoubleRoundExtension.swift in Sources */ = {isa = PBXBuildFile; fileRef = AE183F5B1E5CEBCA00C72291 /* DoubleRoundExtension.swift */; };
		AE4B34A51E60E18E0083BB8B /* UIViewExtension.swift in Sources */ = {isa = PBXBuildFile; fileRef = AE4B34A41E60E18E0083BB8B /* UIViewExtension.swift */; };
		AE4B34A71E61F3BC0083BB8B /* CommunityVC.swift in Sources */ = {isa = PBXBuildFile; fileRef = AE4B34A61E61F3BC0083BB8B /* CommunityVC.swift */; };
		AE4B34A91E61F6CD0083BB8B /* QuestionCell.swift in Sources */ = {isa = PBXBuildFile; fileRef = AE4B34A81E61F6CD0083BB8B /* QuestionCell.swift */; };
		AE4B34AB1E649B960083BB8B /* LoginVC.swift in Sources */ = {isa = PBXBuildFile; fileRef = AE4B34AA1E649B960083BB8B /* LoginVC.swift */; };
		AE4B34AD1E64A2D20083BB8B /* ProfileVC.swift in Sources */ = {isa = PBXBuildFile; fileRef = AE4B34AC1E64A2D20083BB8B /* ProfileVC.swift */; };
		AE4B34AF1E64A6400083BB8B /* EmailLoginVC.swift in Sources */ = {isa = PBXBuildFile; fileRef = AE4B34AE1E64A6400083BB8B /* EmailLoginVC.swift */; };
		AE4B34B11E64AA6D0083BB8B /* LoginField.swift in Sources */ = {isa = PBXBuildFile; fileRef = AE4B34B01E64AA6D0083BB8B /* LoginField.swift */; };
		AE4B34B31E64AC670083BB8B /* GoogleService-Info.plist in Resources */ = {isa = PBXBuildFile; fileRef = AE4B34B21E64AC670083BB8B /* GoogleService-Info.plist */; };
		AE5EDFF01E43FF1B00EEAD8C /* AppDelegate.swift in Sources */ = {isa = PBXBuildFile; fileRef = AE5EDFEF1E43FF1B00EEAD8C /* AppDelegate.swift */; };
		AE5EDFF21E43FF1B00EEAD8C /* MainVC.swift in Sources */ = {isa = PBXBuildFile; fileRef = AE5EDFF11E43FF1B00EEAD8C /* MainVC.swift */; };
		AE5EDFF51E43FF1B00EEAD8C /* Main.storyboard in Resources */ = {isa = PBXBuildFile; fileRef = AE5EDFF31E43FF1B00EEAD8C /* Main.storyboard */; };
		AE5EDFFA1E43FF1B00EEAD8C /* LaunchScreen.storyboard in Resources */ = {isa = PBXBuildFile; fileRef = AE5EDFF81E43FF1B00EEAD8C /* LaunchScreen.storyboard */; };
		AE776E5C1E53661E00D3ADB0 /* Assets.xcassets in Resources */ = {isa = PBXBuildFile; fileRef = AE776E5B1E53661E00D3ADB0 /* Assets.xcassets */; };
		AE776E611E5367C500D3ADB0 /* InspectableBorderView.swift in Sources */ = {isa = PBXBuildFile; fileRef = AE776E5D1E5367C500D3ADB0 /* InspectableBorderView.swift */; };
		AE776E621E5367C500D3ADB0 /* InspectableShadowView.swift in Sources */ = {isa = PBXBuildFile; fileRef = AE776E5E1E5367C500D3ADB0 /* InspectableShadowView.swift */; };
		AE776E661E536B1B00D3ADB0 /* DetailNuclideVC.swift in Sources */ = {isa = PBXBuildFile; fileRef = AE776E651E536B1B00D3ADB0 /* DetailNuclideVC.swift */; };
		AE776E6C1E538CAE00D3ADB0 /* PopupSearchVC.swift in Sources */ = {isa = PBXBuildFile; fileRef = AE776E6B1E538CAE00D3ADB0 /* PopupSearchVC.swift */; };
		AE776E6E1E538F5800D3ADB0 /* PopupIsotopeCell.swift in Sources */ = {isa = PBXBuildFile; fileRef = AE776E6D1E538F5800D3ADB0 /* PopupIsotopeCell.swift */; };
		AE776E701E5390D900D3ADB0 /* CalculatorVC.swift in Sources */ = {isa = PBXBuildFile; fileRef = AE776E6F1E5390D900D3ADB0 /* CalculatorVC.swift */; };
		AE776E721E53C6E800D3ADB0 /* ConverterVC.swift in Sources */ = {isa = PBXBuildFile; fileRef = AE776E711E53C6E800D3ADB0 /* ConverterVC.swift */; };
		AE776E761E53CB0500D3ADB0 /* ConversionUnitCell.swift in Sources */ = {isa = PBXBuildFile; fileRef = AE776E751E53CB0500D3ADB0 /* ConversionUnitCell.swift */; };
		AE7DF1B41E5F4D4A00B686B5 /* UnitConversionManager.swift in Sources */ = {isa = PBXBuildFile; fileRef = AE7DF1B31E5F4D4A00B686B5 /* UnitConversionManager.swift */; };
		AE7DF1B61E5F5F6E00B686B5 /* ConversionVC.swift in Sources */ = {isa = PBXBuildFile; fileRef = AE7DF1B51E5F5F6E00B686B5 /* ConversionVC.swift */; };
		AE7DF1B81E5F621700B686B5 /* NSObjectExtension.swift in Sources */ = {isa = PBXBuildFile; fileRef = AE7DF1B71E5F621700B686B5 /* NSObjectExtension.swift */; };
		AE7DF1BA1E5F64EE00B686B5 /* ConversionButton.swift in Sources */ = {isa = PBXBuildFile; fileRef = AE7DF1B91E5F64EE00B686B5 /* ConversionButton.swift */; };
		AE7DF1BC1E5F757700B686B5 /* NSNumberExtension.swift in Sources */ = {isa = PBXBuildFile; fileRef = AE7DF1BB1E5F757700B686B5 /* NSNumberExtension.swift */; };
		AE7DF1BE1E5F88A100B686B5 /* JLGeneralWaveAnimation.swift in Sources */ = {isa = PBXBuildFile; fileRef = AE7DF1BD1E5F88A100B686B5 /* JLGeneralWaveAnimation.swift */; };
		AE7DF1C01E5F893100B686B5 /* JLWaveNavigationControllerDelegate.swift in Sources */ = {isa = PBXBuildFile; fileRef = AE7DF1BF1E5F893100B686B5 /* JLWaveNavigationControllerDelegate.swift */; };
		AE8338DA1E7B1D5A00C8FBBA /* QuestionDetailCell.swift in Sources */ = {isa = PBXBuildFile; fileRef = AE8338D91E7B1D5A00C8FBBA /* QuestionDetailCell.swift */; };
		AE8338DE1E7B348D00C8FBBA /* CustomFileManager.swift in Sources */ = {isa = PBXBuildFile; fileRef = AE8338DD1E7B348D00C8FBBA /* CustomFileManager.swift */; };
		AE8338E01E7C50E700C8FBBA /* SignUpLoginVC.swift in Sources */ = {isa = PBXBuildFile; fileRef = AE8338DF1E7C50E700C8FBBA /* SignUpLoginVC.swift */; };
		AE8338E21E80480400C8FBBA /* AddAnswerVC.swift in Sources */ = {isa = PBXBuildFile; fileRef = AE8338E11E80480400C8FBBA /* AddAnswerVC.swift */; };
		AE8338E61E809E8700C8FBBA /* CellToVCCommunitcationDelegate.swift in Sources */ = {isa = PBXBuildFile; fileRef = AE8338E51E809E8700C8FBBA /* CellToVCCommunitcationDelegate.swift */; };
		AE8338E81E80A01F00C8FBBA /* FlagPostVC.swift in Sources */ = {isa = PBXBuildFile; fileRef = AE8338E71E80A01F00C8FBBA /* FlagPostVC.swift */; };
		AE8338EA1E80A16C00C8FBBA /* ReportCell.swift in Sources */ = {isa = PBXBuildFile; fileRef = AE8338E91E80A16C00C8FBBA /* ReportCell.swift */; };
		AE8367191E770BA0005137A3 /* QuestionVC.swift in Sources */ = {isa = PBXBuildFile; fileRef = AE8367181E770BA0005137A3 /* QuestionVC.swift */; };
		AE83671D1E7724F2005137A3 /* NewQuestionView.swift in Sources */ = {isa = PBXBuildFile; fileRef = AE83671C1E7724F2005137A3 /* NewQuestionView.swift */; };
		AE83671F1E79B7A6005137A3 /* ErrorHandler.swift in Sources */ = {isa = PBXBuildFile; fileRef = AE83671E1E79B7A6005137A3 /* ErrorHandler.swift */; };
		AE8367211E79BBFB005137A3 /* Post.swift in Sources */ = {isa = PBXBuildFile; fileRef = AE8367201E79BBFB005137A3 /* Post.swift */; };
		AE87BE2E1E5B599C003576E9 /* GradientView.swift in Sources */ = {isa = PBXBuildFile; fileRef = AE87BE2D1E5B599C003576E9 /* GradientView.swift */; };
		AEB5D43D1E44F85C00A6D8DD /* Element.swift in Sources */ = {isa = PBXBuildFile; fileRef = AEB5D43C1E44F85C00A6D8DD /* Element.swift */; };
		AEB5D4411E44FA4E00A6D8DD /* Isotope.swift in Sources */ = {isa = PBXBuildFile; fileRef = AEB5D4401E44FA4E00A6D8DD /* Isotope.swift */; };
		AEB5D4441E44FCC300A6D8DD /* DataService.swift in Sources */ = {isa = PBXBuildFile; fileRef = AEB5D4431E44FCC300A6D8DD /* DataService.swift */; };
		AEB5D4481E450A6100A6D8DD /* Constants.swift in Sources */ = {isa = PBXBuildFile; fileRef = AEB5D4471E450A6100A6D8DD /* Constants.swift */; };
		AEB5D44A1E450CCB00A6D8DD /* ElementCell.swift in Sources */ = {isa = PBXBuildFile; fileRef = AEB5D4491E450CCB00A6D8DD /* ElementCell.swift */; };
		AEB5D44C1E45114A00A6D8DD /* IsotopeCell.swift in Sources */ = {isa = PBXBuildFile; fileRef = AEB5D44B1E45114A00A6D8DD /* IsotopeCell.swift */; };
		AEB5D44E1E451E3E00A6D8DD /* BorderlessSearchBar.swift in Sources */ = {isa = PBXBuildFile; fileRef = AEB5D44D1E451E3E00A6D8DD /* BorderlessSearchBar.swift */; };
		AEB5D4501E45290600A6D8DD /* ShadowTabBar.swift in Sources */ = {isa = PBXBuildFile; fileRef = AEB5D44F1E45290600A6D8DD /* ShadowTabBar.swift */; };
		AEBEFE431E64B129006331AB /* AuthService.swift in Sources */ = {isa = PBXBuildFile; fileRef = AEBEFE421E64B129006331AB /* AuthService.swift */; };
		AEBEFE451E64B22A006331AB /* User.swift in Sources */ = {isa = PBXBuildFile; fileRef = AEBEFE441E64B22A006331AB /* User.swift */; };
		AEBEFE471E64D6B7006331AB /* UsernameVC.swift in Sources */ = {isa = PBXBuildFile; fileRef = AEBEFE461E64D6B7006331AB /* UsernameVC.swift */; };
		AEBEFE491E6616C8006331AB /* CircleImageView.swift in Sources */ = {isa = PBXBuildFile; fileRef = AEBEFE481E6616C8006331AB /* CircleImageView.swift */; };
		AEBEFE4B1E661D20006331AB /* InspectableRoundButton.swift in Sources */ = {isa = PBXBuildFile; fileRef = AEBEFE4A1E661D20006331AB /* InspectableRoundButton.swift */; };
		AEBEFE4D1E676F04006331AB /* ReauthenticateVC.swift in Sources */ = {isa = PBXBuildFile; fileRef = AEBEFE4C1E676F04006331AB /* ReauthenticateVC.swift */; };
		AEBEFE4F1E676F42006331AB /* ReauthenticateField.swift in Sources */ = {isa = PBXBuildFile; fileRef = AEBEFE4E1E676F42006331AB /* ReauthenticateField.swift */; };
		AEC28FE41E67A4B2002A60BE /* UIImageExtension.swift in Sources */ = {isa = PBXBuildFile; fileRef = AEC28FE31E67A4B2002A60BE /* UIImageExtension.swift */; };
		AEC2B8801E83229000A1D35D /* CustomAC.swift in Sources */ = {isa = PBXBuildFile; fileRef = AEC2B87F1E83229000A1D35D /* CustomAC.swift */; };
		AEC2B8831E83253D00A1D35D /* ACAnimator.swift in Sources */ = {isa = PBXBuildFile; fileRef = AEC2B8821E83253D00A1D35D /* ACAnimator.swift */; };
		AECD26541E551DCD00282462 /* UIViewHexColorExtension.swift in Sources */ = {isa = PBXBuildFile; fileRef = AECD26531E551DCD00282462 /* UIViewHexColorExtension.swift */; };
		AECD26561E5520CD00282462 /* StringSubStringExtension.swift in Sources */ = {isa = PBXBuildFile; fileRef = AECD26551E5520CD00282462 /* StringSubStringExtension.swift */; };
		AECF21701E563B9C00FA4D4C /* MZGradientCircleLayer.m in Sources */ = {isa = PBXBuildFile; fileRef = AECF21691E563B9C00FA4D4C /* MZGradientCircleLayer.m */; };
		AECF21711E563B9C00FA4D4C /* MZMaskZoomTransition.m in Sources */ = {isa = PBXBuildFile; fileRef = AECF216B1E563B9C00FA4D4C /* MZMaskZoomTransition.m */; };
		AECF21721E563B9C00FA4D4C /* MZMaskZoomTransitioningDelegate.m in Sources */ = {isa = PBXBuildFile; fileRef = AECF216D1E563B9C00FA4D4C /* MZMaskZoomTransitioningDelegate.m */; };
		AECF21731E563B9C00FA4D4C /* UIViewController+MZContentViewController.m in Sources */ = {isa = PBXBuildFile; fileRef = AECF216F1E563B9C00FA4D4C /* UIViewController+MZContentViewController.m */; };
		AECF21761E56445700FA4D4C /* MZMaskZoomTransitionPresentedViewControllerProtocol.swift in Sources */ = {isa = PBXBuildFile; fileRef = AECF21751E56445700FA4D4C /* MZMaskZoomTransitionPresentedViewControllerProtocol.swift */; };
		AED614E01E5BBE95008BA18C /* UIView+LeoMaskAnimation.m in Sources */ = {isa = PBXBuildFile; fileRef = AED614DF1E5BBE95008BA18C /* UIView+LeoMaskAnimation.m */; };
		AEDAB46B1E7B17AB005E3B0E /* QuestionDetailVC.swift in Sources */ = {isa = PBXBuildFile; fileRef = AEDAB46A1E7B17AB005E3B0E /* QuestionDetailVC.swift */; };
		AEDF0EC31E5E17A6006FA58F /* UnitConversionTypeManager.swift in Sources */ = {isa = PBXBuildFile; fileRef = AEDF0EC21E5E17A6006FA58F /* UnitConversionTypeManager.swift */; };
		AEDF0EC51E5E2814006FA58F /* UnitCell.swift in Sources */ = {isa = PBXBuildFile; fileRef = AEDF0EC41E5E2814006FA58F /* UnitCell.swift */; };
		AEDF0EC71E5E5762006FA58F /* InputTextField.swift in Sources */ = {isa = PBXBuildFile; fileRef = AEDF0EC61E5E5762006FA58F /* InputTextField.swift */; };
		AEF0AA331E58F8380061F998 /* UIColor+Initializers.swift in Sources */ = {isa = PBXBuildFile; fileRef = AEF0AA2F1E58F8380061F998 /* UIColor+Initializers.swift */; };
/* End PBXBuildFile section */

/* Begin PBXFileReference section */
		70B5A563512EE6E4EE9E3FCE /* Pods_chartofnuclides.framework */ = {isa = PBXFileReference; explicitFileType = wrapper.framework; includeInIndex = 0; path = Pods_chartofnuclides.framework; sourceTree = BUILT_PRODUCTS_DIR; };
		7C9FBFF13B47E5C7710613D7 /* Pods-chartofnuclides.debug.xcconfig */ = {isa = PBXFileReference; includeInIndex = 1; lastKnownFileType = text.xcconfig; name = "Pods-chartofnuclides.debug.xcconfig"; path = "Pods/Target Support Files/Pods-chartofnuclides/Pods-chartofnuclides.debug.xcconfig"; sourceTree = "<group>"; };
		AE183F2A1E5CBEAD00C72291 /* ElementManager.swift */ = {isa = PBXFileReference; fileEncoding = 4; lastKnownFileType = sourcecode.swift; path = ElementManager.swift; sourceTree = "<group>"; };
		AE183F521E5CC94500C72291 /* FadeInAnimator.swift */ = {isa = PBXFileReference; fileEncoding = 4; lastKnownFileType = sourcecode.swift; path = FadeInAnimator.swift; sourceTree = "<group>"; };
		AE183F541E5CC97300C72291 /* CalculatorNavigationControllerDelegate.swift */ = {isa = PBXFileReference; fileEncoding = 4; lastKnownFileType = sourcecode.swift; path = CalculatorNavigationControllerDelegate.swift; sourceTree = "<group>"; };
		AE183F571E5CDDFA00C72291 /* sendDataToPreviousViewController.swift */ = {isa = PBXFileReference; fileEncoding = 4; lastKnownFileType = sourcecode.swift; path = sendDataToPreviousViewController.swift; sourceTree = "<group>"; };
		AE183F591E5CEA4A00C72291 /* nuclides.json */ = {isa = PBXFileReference; fileEncoding = 4; lastKnownFileType = text.json; path = nuclides.json; sourceTree = "<group>"; };
		AE183F5B1E5CEBCA00C72291 /* DoubleRoundExtension.swift */ = {isa = PBXFileReference; fileEncoding = 4; lastKnownFileType = sourcecode.swift; path = DoubleRoundExtension.swift; sourceTree = "<group>"; };
		AE33CB2D1E53DFCC00E86E28 /* chartofnuclides-Bridging-Header.h */ = {isa = PBXFileReference; lastKnownFileType = sourcecode.c.h; path = "chartofnuclides-Bridging-Header.h"; sourceTree = "<group>"; };
		AE4B34A41E60E18E0083BB8B /* UIViewExtension.swift */ = {isa = PBXFileReference; fileEncoding = 4; lastKnownFileType = sourcecode.swift; path = UIViewExtension.swift; sourceTree = "<group>"; };
		AE4B34A61E61F3BC0083BB8B /* CommunityVC.swift */ = {isa = PBXFileReference; fileEncoding = 4; lastKnownFileType = sourcecode.swift; path = CommunityVC.swift; sourceTree = "<group>"; };
		AE4B34A81E61F6CD0083BB8B /* QuestionCell.swift */ = {isa = PBXFileReference; fileEncoding = 4; lastKnownFileType = sourcecode.swift; path = QuestionCell.swift; sourceTree = "<group>"; };
		AE4B34AA1E649B960083BB8B /* LoginVC.swift */ = {isa = PBXFileReference; fileEncoding = 4; lastKnownFileType = sourcecode.swift; path = LoginVC.swift; sourceTree = "<group>"; };
		AE4B34AC1E64A2D20083BB8B /* ProfileVC.swift */ = {isa = PBXFileReference; fileEncoding = 4; lastKnownFileType = sourcecode.swift; path = ProfileVC.swift; sourceTree = "<group>"; };
		AE4B34AE1E64A6400083BB8B /* EmailLoginVC.swift */ = {isa = PBXFileReference; fileEncoding = 4; lastKnownFileType = sourcecode.swift; path = EmailLoginVC.swift; sourceTree = "<group>"; };
		AE4B34B01E64AA6D0083BB8B /* LoginField.swift */ = {isa = PBXFileReference; fileEncoding = 4; lastKnownFileType = sourcecode.swift; path = LoginField.swift; sourceTree = "<group>"; };
		AE4B34B21E64AC670083BB8B /* GoogleService-Info.plist */ = {isa = PBXFileReference; fileEncoding = 4; lastKnownFileType = text.plist.xml; path = "GoogleService-Info.plist"; sourceTree = "<group>"; };
		AE5EDFEC1E43FF1B00EEAD8C /* chartofnuclides.app */ = {isa = PBXFileReference; explicitFileType = wrapper.application; includeInIndex = 0; path = chartofnuclides.app; sourceTree = BUILT_PRODUCTS_DIR; };
		AE5EDFEF1E43FF1B00EEAD8C /* AppDelegate.swift */ = {isa = PBXFileReference; lastKnownFileType = sourcecode.swift; path = AppDelegate.swift; sourceTree = "<group>"; };
		AE5EDFF11E43FF1B00EEAD8C /* MainVC.swift */ = {isa = PBXFileReference; lastKnownFileType = sourcecode.swift; path = MainVC.swift; sourceTree = "<group>"; };
		AE5EDFF41E43FF1B00EEAD8C /* Base */ = {isa = PBXFileReference; lastKnownFileType = file.storyboard; name = Base; path = Base.lproj/Main.storyboard; sourceTree = "<group>"; };
		AE5EDFF91E43FF1B00EEAD8C /* Base */ = {isa = PBXFileReference; lastKnownFileType = file.storyboard; name = Base; path = Base.lproj/LaunchScreen.storyboard; sourceTree = "<group>"; };
		AE5EDFFB1E43FF1B00EEAD8C /* Info.plist */ = {isa = PBXFileReference; lastKnownFileType = text.plist.xml; path = Info.plist; sourceTree = "<group>"; };
		AE776E5B1E53661E00D3ADB0 /* Assets.xcassets */ = {isa = PBXFileReference; lastKnownFileType = folder.assetcatalog; path = Assets.xcassets; sourceTree = "<group>"; };
		AE776E5D1E5367C500D3ADB0 /* InspectableBorderView.swift */ = {isa = PBXFileReference; fileEncoding = 4; lastKnownFileType = sourcecode.swift; path = InspectableBorderView.swift; sourceTree = "<group>"; };
		AE776E5E1E5367C500D3ADB0 /* InspectableShadowView.swift */ = {isa = PBXFileReference; fileEncoding = 4; lastKnownFileType = sourcecode.swift; path = InspectableShadowView.swift; sourceTree = "<group>"; };
		AE776E651E536B1B00D3ADB0 /* DetailNuclideVC.swift */ = {isa = PBXFileReference; fileEncoding = 4; lastKnownFileType = sourcecode.swift; path = DetailNuclideVC.swift; sourceTree = "<group>"; };
		AE776E6B1E538CAE00D3ADB0 /* PopupSearchVC.swift */ = {isa = PBXFileReference; fileEncoding = 4; lastKnownFileType = sourcecode.swift; path = PopupSearchVC.swift; sourceTree = "<group>"; };
		AE776E6D1E538F5800D3ADB0 /* PopupIsotopeCell.swift */ = {isa = PBXFileReference; fileEncoding = 4; lastKnownFileType = sourcecode.swift; path = PopupIsotopeCell.swift; sourceTree = "<group>"; };
		AE776E6F1E5390D900D3ADB0 /* CalculatorVC.swift */ = {isa = PBXFileReference; fileEncoding = 4; lastKnownFileType = sourcecode.swift; path = CalculatorVC.swift; sourceTree = "<group>"; };
		AE776E711E53C6E800D3ADB0 /* ConverterVC.swift */ = {isa = PBXFileReference; fileEncoding = 4; lastKnownFileType = sourcecode.swift; path = ConverterVC.swift; sourceTree = "<group>"; };
		AE776E751E53CB0500D3ADB0 /* ConversionUnitCell.swift */ = {isa = PBXFileReference; fileEncoding = 4; lastKnownFileType = sourcecode.swift; path = ConversionUnitCell.swift; sourceTree = "<group>"; };
		AE7DF1B31E5F4D4A00B686B5 /* UnitConversionManager.swift */ = {isa = PBXFileReference; fileEncoding = 4; lastKnownFileType = sourcecode.swift; path = UnitConversionManager.swift; sourceTree = "<group>"; };
		AE7DF1B51E5F5F6E00B686B5 /* ConversionVC.swift */ = {isa = PBXFileReference; fileEncoding = 4; lastKnownFileType = sourcecode.swift; path = ConversionVC.swift; sourceTree = "<group>"; };
		AE7DF1B71E5F621700B686B5 /* NSObjectExtension.swift */ = {isa = PBXFileReference; fileEncoding = 4; lastKnownFileType = sourcecode.swift; path = NSObjectExtension.swift; sourceTree = "<group>"; };
		AE7DF1B91E5F64EE00B686B5 /* ConversionButton.swift */ = {isa = PBXFileReference; fileEncoding = 4; lastKnownFileType = sourcecode.swift; path = ConversionButton.swift; sourceTree = "<group>"; };
		AE7DF1BB1E5F757700B686B5 /* NSNumberExtension.swift */ = {isa = PBXFileReference; fileEncoding = 4; lastKnownFileType = sourcecode.swift; path = NSNumberExtension.swift; sourceTree = "<group>"; };
		AE7DF1BD1E5F88A100B686B5 /* JLGeneralWaveAnimation.swift */ = {isa = PBXFileReference; fileEncoding = 4; lastKnownFileType = sourcecode.swift; path = JLGeneralWaveAnimation.swift; sourceTree = "<group>"; };
		AE7DF1BF1E5F893100B686B5 /* JLWaveNavigationControllerDelegate.swift */ = {isa = PBXFileReference; fileEncoding = 4; lastKnownFileType = sourcecode.swift; path = JLWaveNavigationControllerDelegate.swift; sourceTree = "<group>"; };
		AE8338D91E7B1D5A00C8FBBA /* QuestionDetailCell.swift */ = {isa = PBXFileReference; fileEncoding = 4; lastKnownFileType = sourcecode.swift; path = QuestionDetailCell.swift; sourceTree = "<group>"; };
		AE8338DD1E7B348D00C8FBBA /* CustomFileManager.swift */ = {isa = PBXFileReference; fileEncoding = 4; lastKnownFileType = sourcecode.swift; path = CustomFileManager.swift; sourceTree = "<group>"; };
		AE8338DF1E7C50E700C8FBBA /* SignUpLoginVC.swift */ = {isa = PBXFileReference; fileEncoding = 4; lastKnownFileType = sourcecode.swift; path = SignUpLoginVC.swift; sourceTree = "<group>"; };
		AE8338E11E80480400C8FBBA /* AddAnswerVC.swift */ = {isa = PBXFileReference; fileEncoding = 4; lastKnownFileType = sourcecode.swift; path = AddAnswerVC.swift; sourceTree = "<group>"; };
		AE8338E51E809E8700C8FBBA /* CellToVCCommunitcationDelegate.swift */ = {isa = PBXFileReference; fileEncoding = 4; lastKnownFileType = sourcecode.swift; path = CellToVCCommunitcationDelegate.swift; sourceTree = "<group>"; };
		AE8338E71E80A01F00C8FBBA /* FlagPostVC.swift */ = {isa = PBXFileReference; fileEncoding = 4; lastKnownFileType = sourcecode.swift; path = FlagPostVC.swift; sourceTree = "<group>"; };
		AE8338E91E80A16C00C8FBBA /* ReportCell.swift */ = {isa = PBXFileReference; fileEncoding = 4; lastKnownFileType = sourcecode.swift; path = ReportCell.swift; sourceTree = "<group>"; };
		AE8367181E770BA0005137A3 /* QuestionVC.swift */ = {isa = PBXFileReference; fileEncoding = 4; lastKnownFileType = sourcecode.swift; path = QuestionVC.swift; sourceTree = "<group>"; };
		AE83671C1E7724F2005137A3 /* NewQuestionView.swift */ = {isa = PBXFileReference; fileEncoding = 4; lastKnownFileType = sourcecode.swift; path = NewQuestionView.swift; sourceTree = "<group>"; };
		AE83671E1E79B7A6005137A3 /* ErrorHandler.swift */ = {isa = PBXFileReference; fileEncoding = 4; lastKnownFileType = sourcecode.swift; path = ErrorHandler.swift; sourceTree = "<group>"; };
		AE8367201E79BBFB005137A3 /* Post.swift */ = {isa = PBXFileReference; fileEncoding = 4; lastKnownFileType = sourcecode.swift; path = Post.swift; sourceTree = "<group>"; };
		AE87BE2D1E5B599C003576E9 /* GradientView.swift */ = {isa = PBXFileReference; fileEncoding = 4; lastKnownFileType = sourcecode.swift; path = GradientView.swift; sourceTree = "<group>"; };
		AEB5D43C1E44F85C00A6D8DD /* Element.swift */ = {isa = PBXFileReference; fileEncoding = 4; lastKnownFileType = sourcecode.swift; path = Element.swift; sourceTree = "<group>"; };
		AEB5D4401E44FA4E00A6D8DD /* Isotope.swift */ = {isa = PBXFileReference; fileEncoding = 4; lastKnownFileType = sourcecode.swift; path = Isotope.swift; sourceTree = "<group>"; };
		AEB5D4431E44FCC300A6D8DD /* DataService.swift */ = {isa = PBXFileReference; fileEncoding = 4; lastKnownFileType = sourcecode.swift; path = DataService.swift; sourceTree = "<group>"; };
		AEB5D4471E450A6100A6D8DD /* Constants.swift */ = {isa = PBXFileReference; fileEncoding = 4; lastKnownFileType = sourcecode.swift; path = Constants.swift; sourceTree = "<group>"; };
		AEB5D4491E450CCB00A6D8DD /* ElementCell.swift */ = {isa = PBXFileReference; fileEncoding = 4; lastKnownFileType = sourcecode.swift; path = ElementCell.swift; sourceTree = "<group>"; };
		AEB5D44B1E45114A00A6D8DD /* IsotopeCell.swift */ = {isa = PBXFileReference; fileEncoding = 4; lastKnownFileType = sourcecode.swift; path = IsotopeCell.swift; sourceTree = "<group>"; };
		AEB5D44D1E451E3E00A6D8DD /* BorderlessSearchBar.swift */ = {isa = PBXFileReference; fileEncoding = 4; lastKnownFileType = sourcecode.swift; path = BorderlessSearchBar.swift; sourceTree = "<group>"; };
		AEB5D44F1E45290600A6D8DD /* ShadowTabBar.swift */ = {isa = PBXFileReference; fileEncoding = 4; lastKnownFileType = sourcecode.swift; path = ShadowTabBar.swift; sourceTree = "<group>"; };
		AEBEFE421E64B129006331AB /* AuthService.swift */ = {isa = PBXFileReference; fileEncoding = 4; lastKnownFileType = sourcecode.swift; path = AuthService.swift; sourceTree = "<group>"; };
		AEBEFE441E64B22A006331AB /* User.swift */ = {isa = PBXFileReference; fileEncoding = 4; lastKnownFileType = sourcecode.swift; path = User.swift; sourceTree = "<group>"; };
		AEBEFE461E64D6B7006331AB /* UsernameVC.swift */ = {isa = PBXFileReference; fileEncoding = 4; lastKnownFileType = sourcecode.swift; path = UsernameVC.swift; sourceTree = "<group>"; };
		AEBEFE481E6616C8006331AB /* CircleImageView.swift */ = {isa = PBXFileReference; fileEncoding = 4; lastKnownFileType = sourcecode.swift; path = CircleImageView.swift; sourceTree = "<group>"; };
		AEBEFE4A1E661D20006331AB /* InspectableRoundButton.swift */ = {isa = PBXFileReference; fileEncoding = 4; lastKnownFileType = sourcecode.swift; path = InspectableRoundButton.swift; sourceTree = "<group>"; };
		AEBEFE4C1E676F04006331AB /* ReauthenticateVC.swift */ = {isa = PBXFileReference; fileEncoding = 4; lastKnownFileType = sourcecode.swift; path = ReauthenticateVC.swift; sourceTree = "<group>"; };
		AEBEFE4E1E676F42006331AB /* ReauthenticateField.swift */ = {isa = PBXFileReference; fileEncoding = 4; lastKnownFileType = sourcecode.swift; path = ReauthenticateField.swift; sourceTree = "<group>"; };
		AEC28FE31E67A4B2002A60BE /* UIImageExtension.swift */ = {isa = PBXFileReference; fileEncoding = 4; lastKnownFileType = sourcecode.swift; path = UIImageExtension.swift; sourceTree = "<group>"; };
		AEC2B87F1E83229000A1D35D /* CustomAC.swift */ = {isa = PBXFileReference; fileEncoding = 4; lastKnownFileType = sourcecode.swift; path = CustomAC.swift; sourceTree = "<group>"; };
		AEC2B8821E83253D00A1D35D /* ACAnimator.swift */ = {isa = PBXFileReference; fileEncoding = 4; lastKnownFileType = sourcecode.swift; path = ACAnimator.swift; sourceTree = "<group>"; };
		AECD26531E551DCD00282462 /* UIViewHexColorExtension.swift */ = {isa = PBXFileReference; fileEncoding = 4; lastKnownFileType = sourcecode.swift; path = UIViewHexColorExtension.swift; sourceTree = "<group>"; };
		AECD26551E5520CD00282462 /* StringSubStringExtension.swift */ = {isa = PBXFileReference; fileEncoding = 4; lastKnownFileType = sourcecode.swift; path = StringSubStringExtension.swift; sourceTree = "<group>"; };
		AECF21681E563B9C00FA4D4C /* MZGradientCircleLayer.h */ = {isa = PBXFileReference; fileEncoding = 4; lastKnownFileType = sourcecode.c.h; path = MZGradientCircleLayer.h; sourceTree = "<group>"; };
		AECF21691E563B9C00FA4D4C /* MZGradientCircleLayer.m */ = {isa = PBXFileReference; fileEncoding = 4; lastKnownFileType = sourcecode.c.objc; path = MZGradientCircleLayer.m; sourceTree = "<group>"; };
		AECF216A1E563B9C00FA4D4C /* MZMaskZoomTransition.h */ = {isa = PBXFileReference; fileEncoding = 4; lastKnownFileType = sourcecode.c.h; path = MZMaskZoomTransition.h; sourceTree = "<group>"; };
		AECF216B1E563B9C00FA4D4C /* MZMaskZoomTransition.m */ = {isa = PBXFileReference; fileEncoding = 4; lastKnownFileType = sourcecode.c.objc; path = MZMaskZoomTransition.m; sourceTree = "<group>"; };
		AECF216C1E563B9C00FA4D4C /* MZMaskZoomTransitioningDelegate.h */ = {isa = PBXFileReference; fileEncoding = 4; lastKnownFileType = sourcecode.c.h; path = MZMaskZoomTransitioningDelegate.h; sourceTree = "<group>"; };
		AECF216D1E563B9C00FA4D4C /* MZMaskZoomTransitioningDelegate.m */ = {isa = PBXFileReference; fileEncoding = 4; lastKnownFileType = sourcecode.c.objc; path = MZMaskZoomTransitioningDelegate.m; sourceTree = "<group>"; };
		AECF216E1E563B9C00FA4D4C /* UIViewController+MZContentViewController.h */ = {isa = PBXFileReference; fileEncoding = 4; lastKnownFileType = sourcecode.c.h; path = "UIViewController+MZContentViewController.h"; sourceTree = "<group>"; };
		AECF216F1E563B9C00FA4D4C /* UIViewController+MZContentViewController.m */ = {isa = PBXFileReference; fileEncoding = 4; lastKnownFileType = sourcecode.c.objc; path = "UIViewController+MZContentViewController.m"; sourceTree = "<group>"; };
		AECF21751E56445700FA4D4C /* MZMaskZoomTransitionPresentedViewControllerProtocol.swift */ = {isa = PBXFileReference; fileEncoding = 4; lastKnownFileType = sourcecode.swift; path = MZMaskZoomTransitionPresentedViewControllerProtocol.swift; sourceTree = "<group>"; };
		AED614DE1E5BBE95008BA18C /* UIView+LeoMaskAnimation.h */ = {isa = PBXFileReference; fileEncoding = 4; lastKnownFileType = sourcecode.c.h; path = "UIView+LeoMaskAnimation.h"; sourceTree = "<group>"; };
		AED614DF1E5BBE95008BA18C /* UIView+LeoMaskAnimation.m */ = {isa = PBXFileReference; fileEncoding = 4; lastKnownFileType = sourcecode.c.objc; path = "UIView+LeoMaskAnimation.m"; sourceTree = "<group>"; };
		AEDAB46A1E7B17AB005E3B0E /* QuestionDetailVC.swift */ = {isa = PBXFileReference; fileEncoding = 4; lastKnownFileType = sourcecode.swift; path = QuestionDetailVC.swift; sourceTree = "<group>"; };
		AEDF0EC21E5E17A6006FA58F /* UnitConversionTypeManager.swift */ = {isa = PBXFileReference; fileEncoding = 4; lastKnownFileType = sourcecode.swift; path = UnitConversionTypeManager.swift; sourceTree = "<group>"; };
		AEDF0EC41E5E2814006FA58F /* UnitCell.swift */ = {isa = PBXFileReference; fileEncoding = 4; lastKnownFileType = sourcecode.swift; path = UnitCell.swift; sourceTree = "<group>"; };
		AEDF0EC61E5E5762006FA58F /* InputTextField.swift */ = {isa = PBXFileReference; fileEncoding = 4; lastKnownFileType = sourcecode.swift; path = InputTextField.swift; sourceTree = "<group>"; };
		AEF0AA2F1E58F8380061F998 /* UIColor+Initializers.swift */ = {isa = PBXFileReference; fileEncoding = 4; lastKnownFileType = sourcecode.swift; path = "UIColor+Initializers.swift"; sourceTree = "<group>"; };
		E67CC75D03BE64CB7305DEBB /* Pods-chartofnuclides.release.xcconfig */ = {isa = PBXFileReference; includeInIndex = 1; lastKnownFileType = text.xcconfig; name = "Pods-chartofnuclides.release.xcconfig"; path = "Pods/Target Support Files/Pods-chartofnuclides/Pods-chartofnuclides.release.xcconfig"; sourceTree = "<group>"; };
/* End PBXFileReference section */

/* Begin PBXFrameworksBuildPhase section */
		AE5EDFE91E43FF1B00EEAD8C /* Frameworks */ = {
			isa = PBXFrameworksBuildPhase;
			buildActionMask = 2147483647;
			files = (
				46F7820452121C5017851CE1 /* Pods_chartofnuclides.framework in Frameworks */,
			);
			runOnlyForDeploymentPostprocessing = 0;
		};
/* End PBXFrameworksBuildPhase section */

/* Begin PBXGroup section */
		9F2CAF32C1A275BDBA3B0424 /* Frameworks */ = {
			isa = PBXGroup;
			children = (
				70B5A563512EE6E4EE9E3FCE /* Pods_chartofnuclides.framework */,
			);
			name = Frameworks;
			sourceTree = "<group>";
		};
		AE183F511E5CC93800C72291 /* Animators */ = {
			isa = PBXGroup;
			children = (
				AEC2B8811E83251D00A1D35D /* CustomACAnimation */,
				AE7DF1C21E5F8D7000B686B5 /* JLWaveAnimation */,
				AE7DF1C11E5F8D6300B686B5 /* FadeIn */,
			);
			name = Animators;
			sourceTree = "<group>";
		};
		AE183F561E5CDDE400C72291 /* Protocols */ = {
			isa = PBXGroup;
			children = (
				AE183F571E5CDDFA00C72291 /* sendDataToPreviousViewController.swift */,
				AE8338E51E809E8700C8FBBA /* CellToVCCommunitcationDelegate.swift */,
			);
			name = Protocols;
			sourceTree = "<group>";
		};
		AE478B191E58D54D002F8E5F /* Pods-Manual */ = {
			isa = PBXGroup;
			children = (
				AED614DD1E5BBE80008BA18C /* LeoMask */,
				AECF21671E563B8800FA4D4C /* MaskZoomTransition */,
			);
			name = "Pods-Manual";
			sourceTree = "<group>";
		};
		AE5EDFE31E43FF1B00EEAD8C = {
			isa = PBXGroup;
			children = (
				AE5EDFEE1E43FF1B00EEAD8C /* chartofnuclides */,
				AE5EDFED1E43FF1B00EEAD8C /* Products */,
				FA8800B703CCDA3FA6E3F955 /* Pods */,
				9F2CAF32C1A275BDBA3B0424 /* Frameworks */,
			);
			sourceTree = "<group>";
		};
		AE5EDFED1E43FF1B00EEAD8C /* Products */ = {
			isa = PBXGroup;
			children = (
				AE5EDFEC1E43FF1B00EEAD8C /* chartofnuclides.app */,
			);
			name = Products;
			sourceTree = "<group>";
		};
		AE5EDFEE1E43FF1B00EEAD8C /* chartofnuclides */ = {
			isa = PBXGroup;
			children = (
				AE183F561E5CDDE400C72291 /* Protocols */,
				AE183F511E5CC93800C72291 /* Animators */,
				AE478B191E58D54D002F8E5F /* Pods-Manual */,
				AECD26521E551DAF00282462 /* Extensions */,
				AEB5D4421E44FCAC00A6D8DD /* Services */,
				AE5EE0091E44001000EEAD8C /* Utilities */,
				AE5EE0041E43FF3400EEAD8C /* Resources */,
				AE5EE0031E43FF2A00EEAD8C /* Model */,
				AE5EE0021E43FF2600EEAD8C /* View */,
				AE5EE0011E43FF2100EEAD8C /* Controller */,
				AE5EDFEF1E43FF1B00EEAD8C /* AppDelegate.swift */,
				AE33CB2D1E53DFCC00E86E28 /* chartofnuclides-Bridging-Header.h */,
				AE5EDFFB1E43FF1B00EEAD8C /* Info.plist */,
				AE4B34B21E64AC670083BB8B /* GoogleService-Info.plist */,
				AE5EDFF31E43FF1B00EEAD8C /* Main.storyboard */,
				AE5EDFF81E43FF1B00EEAD8C /* LaunchScreen.storyboard */,
			);
			path = chartofnuclides;
			sourceTree = "<group>";
		};
		AE5EE0011E43FF2100EEAD8C /* Controller */ = {
			isa = PBXGroup;
			children = (
				AE8338E31E80878E00C8FBBA /* Community */,
				AE5EDFF11E43FF1B00EEAD8C /* MainVC.swift */,
				AE776E651E536B1B00D3ADB0 /* DetailNuclideVC.swift */,
				AE776E6F1E5390D900D3ADB0 /* CalculatorVC.swift */,
				AE776E6B1E538CAE00D3ADB0 /* PopupSearchVC.swift */,
				AE776E711E53C6E800D3ADB0 /* ConverterVC.swift */,
				AE7DF1B51E5F5F6E00B686B5 /* ConversionVC.swift */,
				AEC2B87F1E83229000A1D35D /* CustomAC.swift */,
			);
			name = Controller;
			sourceTree = "<group>";
		};
		AE5EE0021E43FF2600EEAD8C /* View */ = {
			isa = PBXGroup;
			children = (
				AE776E771E53CEEC00D3ADB0 /* Cells */,
				AE776E5D1E5367C500D3ADB0 /* InspectableBorderView.swift */,
				AE776E5E1E5367C500D3ADB0 /* InspectableShadowView.swift */,
				AEB5D44D1E451E3E00A6D8DD /* BorderlessSearchBar.swift */,
				AEB5D44F1E45290600A6D8DD /* ShadowTabBar.swift */,
				AE87BE2D1E5B599C003576E9 /* GradientView.swift */,
				AEDF0EC61E5E5762006FA58F /* InputTextField.swift */,
				AE7DF1B91E5F64EE00B686B5 /* ConversionButton.swift */,
				AE4B34B01E64AA6D0083BB8B /* LoginField.swift */,
				AEBEFE481E6616C8006331AB /* CircleImageView.swift */,
				AEBEFE4A1E661D20006331AB /* InspectableRoundButton.swift */,
				AEBEFE4E1E676F42006331AB /* ReauthenticateField.swift */,
				AE83671C1E7724F2005137A3 /* NewQuestionView.swift */,
			);
			name = View;
			sourceTree = "<group>";
		};
		AE5EE0031E43FF2A00EEAD8C /* Model */ = {
			isa = PBXGroup;
			children = (
				AEBEFE441E64B22A006331AB /* User.swift */,
				AEB5D43C1E44F85C00A6D8DD /* Element.swift */,
				AEB5D4401E44FA4E00A6D8DD /* Isotope.swift */,
				AE183F2A1E5CBEAD00C72291 /* ElementManager.swift */,
				AEDF0EC21E5E17A6006FA58F /* UnitConversionTypeManager.swift */,
				AE7DF1B31E5F4D4A00B686B5 /* UnitConversionManager.swift */,
				AE83671E1E79B7A6005137A3 /* ErrorHandler.swift */,
				AE8367201E79BBFB005137A3 /* Post.swift */,
				AE8338DD1E7B348D00C8FBBA /* CustomFileManager.swift */,
			);
			name = Model;
			sourceTree = "<group>";
		};
		AE5EE0041E43FF3400EEAD8C /* Resources */ = {
			isa = PBXGroup;
			children = (
				AE776E5B1E53661E00D3ADB0 /* Assets.xcassets */,
				AE183F591E5CEA4A00C72291 /* nuclides.json */,
			);
			name = Resources;
			sourceTree = "<group>";
		};
		AE5EE0091E44001000EEAD8C /* Utilities */ = {
			isa = PBXGroup;
			children = (
				AEB5D4471E450A6100A6D8DD /* Constants.swift */,
			);
			name = Utilities;
			sourceTree = "<group>";
		};
		AE776E771E53CEEC00D3ADB0 /* Cells */ = {
			isa = PBXGroup;
			children = (
				AEB5D4491E450CCB00A6D8DD /* ElementCell.swift */,
				AEB5D44B1E45114A00A6D8DD /* IsotopeCell.swift */,
				AE776E6D1E538F5800D3ADB0 /* PopupIsotopeCell.swift */,
				AE776E751E53CB0500D3ADB0 /* ConversionUnitCell.swift */,
				AEDF0EC41E5E2814006FA58F /* UnitCell.swift */,
				AE4B34A81E61F6CD0083BB8B /* QuestionCell.swift */,
				AE8338D91E7B1D5A00C8FBBA /* QuestionDetailCell.swift */,
				AE8338E91E80A16C00C8FBBA /* ReportCell.swift */,
			);
			name = Cells;
			sourceTree = "<group>";
		};
		AE7DF1C11E5F8D6300B686B5 /* FadeIn */ = {
			isa = PBXGroup;
			children = (
				AE183F521E5CC94500C72291 /* FadeInAnimator.swift */,
				AE183F541E5CC97300C72291 /* CalculatorNavigationControllerDelegate.swift */,
			);
			name = FadeIn;
			sourceTree = "<group>";
		};
		AE7DF1C21E5F8D7000B686B5 /* JLWaveAnimation */ = {
			isa = PBXGroup;
			children = (
				AE7DF1BD1E5F88A100B686B5 /* JLGeneralWaveAnimation.swift */,
				AE7DF1BF1E5F893100B686B5 /* JLWaveNavigationControllerDelegate.swift */,
			);
			name = JLWaveAnimation;
			sourceTree = "<group>";
		};
		AE8338E31E80878E00C8FBBA /* Community */ = {
			isa = PBXGroup;
			children = (
				AE8338E41E80879E00C8FBBA /* SignUp */,
				AE4B34A61E61F3BC0083BB8B /* CommunityVC.swift */,
				AE4B34AC1E64A2D20083BB8B /* ProfileVC.swift */,
				AEBEFE4C1E676F04006331AB /* ReauthenticateVC.swift */,
				AE8367181E770BA0005137A3 /* QuestionVC.swift */,
				AEDAB46A1E7B17AB005E3B0E /* QuestionDetailVC.swift */,
				AE8338E11E80480400C8FBBA /* AddAnswerVC.swift */,
				AE8338E71E80A01F00C8FBBA /* FlagPostVC.swift */,
			);
			name = Community;
			sourceTree = "<group>";
		};
		AE8338E41E80879E00C8FBBA /* SignUp */ = {
			isa = PBXGroup;
			children = (
				AE4B34AA1E649B960083BB8B /* LoginVC.swift */,
				AE4B34AE1E64A6400083BB8B /* EmailLoginVC.swift */,
				AEBEFE461E64D6B7006331AB /* UsernameVC.swift */,
				AE8338DF1E7C50E700C8FBBA /* SignUpLoginVC.swift */,
			);
			name = SignUp;
			sourceTree = "<group>";
		};
		AEB5D4421E44FCAC00A6D8DD /* Services */ = {
			isa = PBXGroup;
			children = (
				AEB5D4431E44FCC300A6D8DD /* DataService.swift */,
				AEBEFE421E64B129006331AB /* AuthService.swift */,
			);
			name = Services;
			sourceTree = "<group>";
		};
		AEC2B8811E83251D00A1D35D /* CustomACAnimation */ = {
			isa = PBXGroup;
			children = (
				AEC2B8821E83253D00A1D35D /* ACAnimator.swift */,
			);
			name = CustomACAnimation;
			sourceTree = "<group>";
		};
		AECD26521E551DAF00282462 /* Extensions */ = {
			isa = PBXGroup;
			children = (
				AE4B34A41E60E18E0083BB8B /* UIViewExtension.swift */,
				AEF0AA2F1E58F8380061F998 /* UIColor+Initializers.swift */,
				AECD26531E551DCD00282462 /* UIViewHexColorExtension.swift */,
				AECD26551E5520CD00282462 /* StringSubStringExtension.swift */,
				AE183F5B1E5CEBCA00C72291 /* DoubleRoundExtension.swift */,
				AE7DF1B71E5F621700B686B5 /* NSObjectExtension.swift */,
				AE7DF1BB1E5F757700B686B5 /* NSNumberExtension.swift */,
				AEC28FE31E67A4B2002A60BE /* UIImageExtension.swift */,
			);
			name = Extensions;
			sourceTree = "<group>";
		};
		AECF21671E563B8800FA4D4C /* MaskZoomTransition */ = {
			isa = PBXGroup;
			children = (
				AECF21741E56443F00FA4D4C /* protocol */,
				AECF21681E563B9C00FA4D4C /* MZGradientCircleLayer.h */,
				AECF21691E563B9C00FA4D4C /* MZGradientCircleLayer.m */,
				AECF216A1E563B9C00FA4D4C /* MZMaskZoomTransition.h */,
				AECF216B1E563B9C00FA4D4C /* MZMaskZoomTransition.m */,
				AECF216C1E563B9C00FA4D4C /* MZMaskZoomTransitioningDelegate.h */,
				AECF216D1E563B9C00FA4D4C /* MZMaskZoomTransitioningDelegate.m */,
				AECF216E1E563B9C00FA4D4C /* UIViewController+MZContentViewController.h */,
				AECF216F1E563B9C00FA4D4C /* UIViewController+MZContentViewController.m */,
			);
			name = MaskZoomTransition;
			sourceTree = "<group>";
		};
		AECF21741E56443F00FA4D4C /* protocol */ = {
			isa = PBXGroup;
			children = (
				AECF21751E56445700FA4D4C /* MZMaskZoomTransitionPresentedViewControllerProtocol.swift */,
			);
			name = protocol;
			sourceTree = "<group>";
		};
		AED614DD1E5BBE80008BA18C /* LeoMask */ = {
			isa = PBXGroup;
			children = (
				AED614DE1E5BBE95008BA18C /* UIView+LeoMaskAnimation.h */,
				AED614DF1E5BBE95008BA18C /* UIView+LeoMaskAnimation.m */,
			);
			name = LeoMask;
			sourceTree = "<group>";
		};
		FA8800B703CCDA3FA6E3F955 /* Pods */ = {
			isa = PBXGroup;
			children = (
				7C9FBFF13B47E5C7710613D7 /* Pods-chartofnuclides.debug.xcconfig */,
				E67CC75D03BE64CB7305DEBB /* Pods-chartofnuclides.release.xcconfig */,
			);
			name = Pods;
			sourceTree = "<group>";
		};
/* End PBXGroup section */

/* Begin PBXNativeTarget section */
		AE5EDFEB1E43FF1B00EEAD8C /* chartofnuclides */ = {
			isa = PBXNativeTarget;
			buildConfigurationList = AE5EDFFE1E43FF1B00EEAD8C /* Build configuration list for PBXNativeTarget "chartofnuclides" */;
			buildPhases = (
				1074099AB6566EEA344B3D14 /* [CP] Check Pods Manifest.lock */,
				AE5EDFE81E43FF1B00EEAD8C /* Sources */,
				AE5EDFE91E43FF1B00EEAD8C /* Frameworks */,
				AE5EDFEA1E43FF1B00EEAD8C /* Resources */,
				F051FE074C99192680AD87E8 /* [CP] Embed Pods Frameworks */,
				4DC0D5539665BD34BC455831 /* [CP] Copy Pods Resources */,
			);
			buildRules = (
			);
			dependencies = (
			);
			name = chartofnuclides;
			productName = chartofnuclides;
			productReference = AE5EDFEC1E43FF1B00EEAD8C /* chartofnuclides.app */;
			productType = "com.apple.product-type.application";
		};
/* End PBXNativeTarget section */

/* Begin PBXProject section */
		AE5EDFE41E43FF1B00EEAD8C /* Project object */ = {
			isa = PBXProject;
			attributes = {
				LastSwiftUpdateCheck = 0820;
				LastUpgradeCheck = 0820;
				ORGANIZATIONNAME = "Jacob Landman";
				TargetAttributes = {
					AE5EDFEB1E43FF1B00EEAD8C = {
						CreatedOnToolsVersion = 8.2.1;
						DevelopmentTeam = E294R2UKFW;
						ProvisioningStyle = Automatic;
					};
				};
			};
			buildConfigurationList = AE5EDFE71E43FF1B00EEAD8C /* Build configuration list for PBXProject "chartofnuclides" */;
			compatibilityVersion = "Xcode 3.2";
			developmentRegion = English;
			hasScannedForEncodings = 0;
			knownRegions = (
				en,
				Base,
			);
			mainGroup = AE5EDFE31E43FF1B00EEAD8C;
			productRefGroup = AE5EDFED1E43FF1B00EEAD8C /* Products */;
			projectDirPath = "";
			projectRoot = "";
			targets = (
				AE5EDFEB1E43FF1B00EEAD8C /* chartofnuclides */,
			);
		};
/* End PBXProject section */

/* Begin PBXResourcesBuildPhase section */
		AE5EDFEA1E43FF1B00EEAD8C /* Resources */ = {
			isa = PBXResourcesBuildPhase;
			buildActionMask = 2147483647;
			files = (
				AE183F5A1E5CEA4A00C72291 /* nuclides.json in Resources */,
				AE5EDFFA1E43FF1B00EEAD8C /* LaunchScreen.storyboard in Resources */,
				AE4B34B31E64AC670083BB8B /* GoogleService-Info.plist in Resources */,
				AE776E5C1E53661E00D3ADB0 /* Assets.xcassets in Resources */,
				AE5EDFF51E43FF1B00EEAD8C /* Main.storyboard in Resources */,
			);
			runOnlyForDeploymentPostprocessing = 0;
		};
/* End PBXResourcesBuildPhase section */

/* Begin PBXShellScriptBuildPhase section */
		1074099AB6566EEA344B3D14 /* [CP] Check Pods Manifest.lock */ = {
			isa = PBXShellScriptBuildPhase;
			buildActionMask = 2147483647;
			files = (
			);
			inputPaths = (
			);
			name = "[CP] Check Pods Manifest.lock";
			outputPaths = (
			);
			runOnlyForDeploymentPostprocessing = 0;
			shellPath = /bin/sh;
			shellScript = "diff \"${PODS_ROOT}/../Podfile.lock\" \"${PODS_ROOT}/Manifest.lock\" > /dev/null\nif [ $? != 0 ] ; then\n    # print error to STDERR\n    echo \"error: The sandbox is not in sync with the Podfile.lock. Run 'pod install' or update your CocoaPods installation.\" >&2\n    exit 1\nfi\n";
			showEnvVarsInLog = 0;
		};
		4DC0D5539665BD34BC455831 /* [CP] Copy Pods Resources */ = {
			isa = PBXShellScriptBuildPhase;
			buildActionMask = 2147483647;
			files = (
			);
			inputPaths = (
			);
			name = "[CP] Copy Pods Resources";
			outputPaths = (
			);
			runOnlyForDeploymentPostprocessing = 0;
			shellPath = /bin/sh;
			shellScript = "\"${SRCROOT}/Pods/Target Support Files/Pods-chartofnuclides/Pods-chartofnuclides-resources.sh\"\n";
			showEnvVarsInLog = 0;
		};
		F051FE074C99192680AD87E8 /* [CP] Embed Pods Frameworks */ = {
			isa = PBXShellScriptBuildPhase;
			buildActionMask = 2147483647;
			files = (
			);
			inputPaths = (
			);
			name = "[CP] Embed Pods Frameworks";
			outputPaths = (
			);
			runOnlyForDeploymentPostprocessing = 0;
			shellPath = /bin/sh;
			shellScript = "\"${SRCROOT}/Pods/Target Support Files/Pods-chartofnuclides/Pods-chartofnuclides-frameworks.sh\"\n";
			showEnvVarsInLog = 0;
		};
/* End PBXShellScriptBuildPhase section */

/* Begin PBXSourcesBuildPhase section */
		AE5EDFE81E43FF1B00EEAD8C /* Sources */ = {
			isa = PBXSourcesBuildPhase;
			buildActionMask = 2147483647;
			files = (
				AEBEFE451E64B22A006331AB /* User.swift in Sources */,
				AE776E701E5390D900D3ADB0 /* CalculatorVC.swift in Sources */,
				AE7DF1B81E5F621700B686B5 /* NSObjectExtension.swift in Sources */,
				AE5EDFF21E43FF1B00EEAD8C /* MainVC.swift in Sources */,
				AEDF0EC51E5E2814006FA58F /* UnitCell.swift in Sources */,
				AE183F551E5CC97300C72291 /* CalculatorNavigationControllerDelegate.swift in Sources */,
				AECF21711E563B9C00FA4D4C /* MZMaskZoomTransition.m in Sources */,
				AE4B34B11E64AA6D0083BB8B /* LoginField.swift in Sources */,
				AEB5D4501E45290600A6D8DD /* ShadowTabBar.swift in Sources */,
				AE7DF1BA1E5F64EE00B686B5 /* ConversionButton.swift in Sources */,
				AEC2B8831E83253D00A1D35D /* ACAnimator.swift in Sources */,
				AE183F5C1E5CEBCA00C72291 /* DoubleRoundExtension.swift in Sources */,
				AE7DF1B41E5F4D4A00B686B5 /* UnitConversionManager.swift in Sources */,
				AED614E01E5BBE95008BA18C /* UIView+LeoMaskAnimation.m in Sources */,
				AE8367211E79BBFB005137A3 /* Post.swift in Sources */,
				AE776E6E1E538F5800D3ADB0 /* PopupIsotopeCell.swift in Sources */,
				AE7DF1BC1E5F757700B686B5 /* NSNumberExtension.swift in Sources */,
				AEB5D43D1E44F85C00A6D8DD /* Element.swift in Sources */,
				AE83671D1E7724F2005137A3 /* NewQuestionView.swift in Sources */,
				AEF0AA331E58F8380061F998 /* UIColor+Initializers.swift in Sources */,
				AE8338E81E80A01F00C8FBBA /* FlagPostVC.swift in Sources */,
				AEC2B8801E83229000A1D35D /* CustomAC.swift in Sources */,
				AE776E621E5367C500D3ADB0 /* InspectableShadowView.swift in Sources */,
				AEB5D44E1E451E3E00A6D8DD /* BorderlessSearchBar.swift in Sources */,
				AEC28FE41E67A4B2002A60BE /* UIImageExtension.swift in Sources */,
				AECD26541E551DCD00282462 /* UIViewHexColorExtension.swift in Sources */,
				AE4B34A71E61F3BC0083BB8B /* CommunityVC.swift in Sources */,
				AE7DF1B61E5F5F6E00B686B5 /* ConversionVC.swift in Sources */,
				AE776E611E5367C500D3ADB0 /* InspectableBorderView.swift in Sources */,
				AE4B34A91E61F6CD0083BB8B /* QuestionCell.swift in Sources */,
				AECF21761E56445700FA4D4C /* MZMaskZoomTransitionPresentedViewControllerProtocol.swift in Sources */,
				AE776E721E53C6E800D3ADB0 /* ConverterVC.swift in Sources */,
				AEB5D44C1E45114A00A6D8DD /* IsotopeCell.swift in Sources */,
				AE8338DA1E7B1D5A00C8FBBA /* QuestionDetailCell.swift in Sources */,
				AECF21701E563B9C00FA4D4C /* MZGradientCircleLayer.m in Sources */,
				AECD26561E5520CD00282462 /* StringSubStringExtension.swift in Sources */,
				AE4B34A51E60E18E0083BB8B /* UIViewExtension.swift in Sources */,
				AE83671F1E79B7A6005137A3 /* ErrorHandler.swift in Sources */,
				AE87BE2E1E5B599C003576E9 /* GradientView.swift in Sources */,
				AECF21721E563B9C00FA4D4C /* MZMaskZoomTransitioningDelegate.m in Sources */,
				AEBEFE4D1E676F04006331AB /* ReauthenticateVC.swift in Sources */,
				AE8338EA1E80A16C00C8FBBA /* ReportCell.swift in Sources */,
				AEDF0EC31E5E17A6006FA58F /* UnitConversionTypeManager.swift in Sources */,
				AE776E761E53CB0500D3ADB0 /* ConversionUnitCell.swift in Sources */,
				AEBEFE4F1E676F42006331AB /* ReauthenticateField.swift in Sources */,
				AEBEFE471E64D6B7006331AB /* UsernameVC.swift in Sources */,
				AE5EDFF01E43FF1B00EEAD8C /* AppDelegate.swift in Sources */,
				AEDAB46B1E7B17AB005E3B0E /* QuestionDetailVC.swift in Sources */,
				AE8338E61E809E8700C8FBBA /* CellToVCCommunitcationDelegate.swift in Sources */,
				AEBEFE4B1E661D20006331AB /* InspectableRoundButton.swift in Sources */,
				AEB5D4481E450A6100A6D8DD /* Constants.swift in Sources */,
				AE183F531E5CC94500C72291 /* FadeInAnimator.swift in Sources */,
				AE4B34AB1E649B960083BB8B /* LoginVC.swift in Sources */,
				AE4B34AD1E64A2D20083BB8B /* ProfileVC.swift in Sources */,
				AEB5D4411E44FA4E00A6D8DD /* Isotope.swift in Sources */,
				AE8338DE1E7B348D00C8FBBA /* CustomFileManager.swift in Sources */,
				AE776E6C1E538CAE00D3ADB0 /* PopupSearchVC.swift in Sources */,
				AECF21731E563B9C00FA4D4C /* UIViewController+MZContentViewController.m in Sources */,
				AEDF0EC71E5E5762006FA58F /* InputTextField.swift in Sources */,
				AEB5D44A1E450CCB00A6D8DD /* ElementCell.swift in Sources */,
				AE7DF1C01E5F893100B686B5 /* JLWaveNavigationControllerDelegate.swift in Sources */,
				AEBEFE491E6616C8006331AB /* CircleImageView.swift in Sources */,
				AE4B34AF1E64A6400083BB8B /* EmailLoginVC.swift in Sources */,
				AE183F2B1E5CBEAD00C72291 /* ElementManager.swift in Sources */,
				AE183F581E5CDDFA00C72291 /* sendDataToPreviousViewController.swift in Sources */,
				AEB5D4441E44FCC300A6D8DD /* DataService.swift in Sources */,
				AE8338E21E80480400C8FBBA /* AddAnswerVC.swift in Sources */,
				AE8338E01E7C50E700C8FBBA /* SignUpLoginVC.swift in Sources */,
				AEBEFE431E64B129006331AB /* AuthService.swift in Sources */,
				AE7DF1BE1E5F88A100B686B5 /* JLGeneralWaveAnimation.swift in Sources */,
				AE8367191E770BA0005137A3 /* QuestionVC.swift in Sources */,
				AE776E661E536B1B00D3ADB0 /* DetailNuclideVC.swift in Sources */,
			);
			runOnlyForDeploymentPostprocessing = 0;
		};
/* End PBXSourcesBuildPhase section */

/* Begin PBXVariantGroup section */
		AE5EDFF31E43FF1B00EEAD8C /* Main.storyboard */ = {
			isa = PBXVariantGroup;
			children = (
				AE5EDFF41E43FF1B00EEAD8C /* Base */,
			);
			name = Main.storyboard;
			sourceTree = "<group>";
		};
		AE5EDFF81E43FF1B00EEAD8C /* LaunchScreen.storyboard */ = {
			isa = PBXVariantGroup;
			children = (
				AE5EDFF91E43FF1B00EEAD8C /* Base */,
			);
			name = LaunchScreen.storyboard;
			sourceTree = "<group>";
		};
/* End PBXVariantGroup section */

/* Begin XCBuildConfiguration section */
		AE5EDFFC1E43FF1B00EEAD8C /* Debug */ = {
			isa = XCBuildConfiguration;
			baseConfigurationReference = 7C9FBFF13B47E5C7710613D7 /* Pods-chartofnuclides.debug.xcconfig */;
			buildSettings = {
				ALWAYS_EMBED_SWIFT_STANDARD_LIBRARIES = YES;
				ALWAYS_SEARCH_USER_PATHS = NO;
				CLANG_ANALYZER_NONNULL = YES;
				CLANG_CXX_LANGUAGE_STANDARD = "gnu++0x";
				CLANG_CXX_LIBRARY = "libc++";
				CLANG_ENABLE_MODULES = YES;
				CLANG_ENABLE_OBJC_ARC = YES;
				CLANG_WARN_BOOL_CONVERSION = YES;
				CLANG_WARN_CONSTANT_CONVERSION = YES;
				CLANG_WARN_DIRECT_OBJC_ISA_USAGE = YES_ERROR;
				CLANG_WARN_DOCUMENTATION_COMMENTS = YES;
				CLANG_WARN_EMPTY_BODY = YES;
				CLANG_WARN_ENUM_CONVERSION = YES;
				CLANG_WARN_INFINITE_RECURSION = YES;
				CLANG_WARN_INT_CONVERSION = YES;
				CLANG_WARN_OBJC_ROOT_CLASS = YES_ERROR;
				CLANG_WARN_SUSPICIOUS_MOVE = YES;
				CLANG_WARN_UNREACHABLE_CODE = YES;
				CLANG_WARN__DUPLICATE_METHOD_MATCH = YES;
				"CODE_SIGN_IDENTITY[sdk=iphoneos*]" = "iPhone Developer";
				COPY_PHASE_STRIP = NO;
				DEBUG_INFORMATION_FORMAT = dwarf;
				ENABLE_STRICT_OBJC_MSGSEND = YES;
				ENABLE_TESTABILITY = YES;
				GCC_C_LANGUAGE_STANDARD = gnu99;
				GCC_DYNAMIC_NO_PIC = NO;
				GCC_NO_COMMON_BLOCKS = YES;
				GCC_OPTIMIZATION_LEVEL = 0;
				GCC_PREPROCESSOR_DEFINITIONS = (
					"DEBUG=1",
					"$(inherited)",
				);
				GCC_WARN_64_TO_32_BIT_CONVERSION = YES;
				GCC_WARN_ABOUT_RETURN_TYPE = YES_ERROR;
				GCC_WARN_UNDECLARED_SELECTOR = YES;
				GCC_WARN_UNINITIALIZED_AUTOS = YES_AGGRESSIVE;
				GCC_WARN_UNUSED_FUNCTION = YES;
				GCC_WARN_UNUSED_VARIABLE = YES;
				IPHONEOS_DEPLOYMENT_TARGET = 10.2;
				MTL_ENABLE_DEBUG_INFO = YES;
				ONLY_ACTIVE_ARCH = YES;
				SDKROOT = iphoneos;
				SWIFT_ACTIVE_COMPILATION_CONDITIONS = DEBUG;
				SWIFT_OPTIMIZATION_LEVEL = "-Onone";
				TARGETED_DEVICE_FAMILY = "1,2";
			};
			name = Debug;
		};
		AE5EDFFD1E43FF1B00EEAD8C /* Release */ = {
			isa = XCBuildConfiguration;
			baseConfigurationReference = E67CC75D03BE64CB7305DEBB /* Pods-chartofnuclides.release.xcconfig */;
			buildSettings = {
				ALWAYS_EMBED_SWIFT_STANDARD_LIBRARIES = YES;
				ALWAYS_SEARCH_USER_PATHS = NO;
				CLANG_ANALYZER_NONNULL = YES;
				CLANG_CXX_LANGUAGE_STANDARD = "gnu++0x";
				CLANG_CXX_LIBRARY = "libc++";
				CLANG_ENABLE_MODULES = YES;
				CLANG_ENABLE_OBJC_ARC = YES;
				CLANG_WARN_BOOL_CONVERSION = YES;
				CLANG_WARN_CONSTANT_CONVERSION = YES;
				CLANG_WARN_DIRECT_OBJC_ISA_USAGE = YES_ERROR;
				CLANG_WARN_DOCUMENTATION_COMMENTS = YES;
				CLANG_WARN_EMPTY_BODY = YES;
				CLANG_WARN_ENUM_CONVERSION = YES;
				CLANG_WARN_INFINITE_RECURSION = YES;
				CLANG_WARN_INT_CONVERSION = YES;
				CLANG_WARN_OBJC_ROOT_CLASS = YES_ERROR;
				CLANG_WARN_SUSPICIOUS_MOVE = YES;
				CLANG_WARN_UNREACHABLE_CODE = YES;
				CLANG_WARN__DUPLICATE_METHOD_MATCH = YES;
				"CODE_SIGN_IDENTITY[sdk=iphoneos*]" = "iPhone Developer";
				COPY_PHASE_STRIP = NO;
				DEBUG_INFORMATION_FORMAT = "dwarf-with-dsym";
				ENABLE_NS_ASSERTIONS = NO;
				ENABLE_STRICT_OBJC_MSGSEND = YES;
				GCC_C_LANGUAGE_STANDARD = gnu99;
				GCC_NO_COMMON_BLOCKS = YES;
				GCC_WARN_64_TO_32_BIT_CONVERSION = YES;
				GCC_WARN_ABOUT_RETURN_TYPE = YES_ERROR;
				GCC_WARN_UNDECLARED_SELECTOR = YES;
				GCC_WARN_UNINITIALIZED_AUTOS = YES_AGGRESSIVE;
				GCC_WARN_UNUSED_FUNCTION = YES;
				GCC_WARN_UNUSED_VARIABLE = YES;
				IPHONEOS_DEPLOYMENT_TARGET = 10.2;
				MTL_ENABLE_DEBUG_INFO = NO;
				SDKROOT = iphoneos;
				SWIFT_OPTIMIZATION_LEVEL = "-Owholemodule";
				TARGETED_DEVICE_FAMILY = "1,2";
				VALIDATE_PRODUCT = YES;
			};
			name = Release;
		};
		AE5EDFFF1E43FF1B00EEAD8C /* Debug */ = {
			isa = XCBuildConfiguration;
			baseConfigurationReference = 7C9FBFF13B47E5C7710613D7 /* Pods-chartofnuclides.debug.xcconfig */;
			buildSettings = {
				ALWAYS_EMBED_SWIFT_STANDARD_LIBRARIES = YES;
				ASSETCATALOG_COMPILER_APPICON_NAME = AppIcon;
				DEVELOPMENT_TEAM = E294R2UKFW;
				INFOPLIST_FILE = chartofnuclides/Info.plist;
				LD_RUNPATH_SEARCH_PATHS = "$(inherited) @executable_path/Frameworks";
				PRODUCT_BUNDLE_IDENTIFIER = com.SSB.chartofnuclides;
				PRODUCT_NAME = "$(TARGET_NAME)";
				SWIFT_OBJC_BRIDGING_HEADER = "chartofnuclides/chartofnuclides-Bridging-Header.h";
				SWIFT_VERSION = 3.0;
			};
			name = Debug;
		};
		AE5EE0001E43FF1B00EEAD8C /* Release */ = {
			isa = XCBuildConfiguration;
			baseConfigurationReference = E67CC75D03BE64CB7305DEBB /* Pods-chartofnuclides.release.xcconfig */;
			buildSettings = {
				ALWAYS_EMBED_SWIFT_STANDARD_LIBRARIES = YES;
				ASSETCATALOG_COMPILER_APPICON_NAME = AppIcon;
				DEVELOPMENT_TEAM = E294R2UKFW;
				INFOPLIST_FILE = chartofnuclides/Info.plist;
				LD_RUNPATH_SEARCH_PATHS = "$(inherited) @executable_path/Frameworks";
				PRODUCT_BUNDLE_IDENTIFIER = com.SSB.chartofnuclides;
				PRODUCT_NAME = "$(TARGET_NAME)";
				SWIFT_OBJC_BRIDGING_HEADER = "chartofnuclides/chartofnuclides-Bridging-Header.h";
				SWIFT_VERSION = 3.0;
			};
			name = Release;
		};
/* End XCBuildConfiguration section */

/* Begin XCConfigurationList section */
		AE5EDFE71E43FF1B00EEAD8C /* Build configuration list for PBXProject "chartofnuclides" */ = {
			isa = XCConfigurationList;
			buildConfigurations = (
				AE5EDFFC1E43FF1B00EEAD8C /* Debug */,
				AE5EDFFD1E43FF1B00EEAD8C /* Release */,
			);
			defaultConfigurationIsVisible = 0;
			defaultConfigurationName = Release;
		};
		AE5EDFFE1E43FF1B00EEAD8C /* Build configuration list for PBXNativeTarget "chartofnuclides" */ = {
			isa = XCConfigurationList;
			buildConfigurations = (
				AE5EDFFF1E43FF1B00EEAD8C /* Debug */,
				AE5EE0001E43FF1B00EEAD8C /* Release */,
			);
			defaultConfigurationIsVisible = 0;
			defaultConfigurationName = Release;
		};
/* End XCConfigurationList section */
	};
	rootObject = AE5EDFE41E43FF1B00EEAD8C /* Project object */;
}
