// !$*UTF8*$!
{
	archiveVersion = 1;
	classes = {
	};
	objectVersion = 46;
	objects = {

/* Begin PBXBuildFile section */
		46F7820452121C5017851CE1 /* Pods_chartofnuclides.framework in Frameworks */ = {isa = PBXBuildFile; fileRef = 70B5A563512EE6E4EE9E3FCE /* Pods_chartofnuclides.framework */; };
		AE183F2B1E5CBEAD00C72291 /* ElementManager.swift in Sources */ = {isa = PBXBuildFile; fileRef = AE183F2A1E5CBEAD00C72291 /* ElementManager.swift */; };
		AE183F531E5CC94500C72291 /* FadeInAnimator.swift in Sources */ = {isa = PBXBuildFile; fileRef = AE183F521E5CC94500C72291 /* FadeInAnimator.swift */; };
		AE183F551E5CC97300C72291 /* CalculatorNavigationControllerDelegate.swift in Sources */ = {isa = PBXBuildFile; fileRef = AE183F541E5CC97300C72291 /* CalculatorNavigationControllerDelegate.swift */; };
		AE5EDFF01E43FF1B00EEAD8C /* AppDelegate.swift in Sources */ = {isa = PBXBuildFile; fileRef = AE5EDFEF1E43FF1B00EEAD8C /* AppDelegate.swift */; };
		AE5EDFF21E43FF1B00EEAD8C /* MainVC.swift in Sources */ = {isa = PBXBuildFile; fileRef = AE5EDFF11E43FF1B00EEAD8C /* MainVC.swift */; };
		AE5EDFF51E43FF1B00EEAD8C /* Main.storyboard in Resources */ = {isa = PBXBuildFile; fileRef = AE5EDFF31E43FF1B00EEAD8C /* Main.storyboard */; };
		AE5EDFFA1E43FF1B00EEAD8C /* LaunchScreen.storyboard in Resources */ = {isa = PBXBuildFile; fileRef = AE5EDFF81E43FF1B00EEAD8C /* LaunchScreen.storyboard */; };
		AE776E5C1E53661E00D3ADB0 /* Assets.xcassets in Resources */ = {isa = PBXBuildFile; fileRef = AE776E5B1E53661E00D3ADB0 /* Assets.xcassets */; };
		AE776E611E5367C500D3ADB0 /* InspectableBorderView.swift in Sources */ = {isa = PBXBuildFile; fileRef = AE776E5D1E5367C500D3ADB0 /* InspectableBorderView.swift */; };
		AE776E621E5367C500D3ADB0 /* InspectableShadowView.swift in Sources */ = {isa = PBXBuildFile; fileRef = AE776E5E1E5367C500D3ADB0 /* InspectableShadowView.swift */; };
		AE776E631E5367C500D3ADB0 /* RadialGradientView.swift in Sources */ = {isa = PBXBuildFile; fileRef = AE776E5F1E5367C500D3ADB0 /* RadialGradientView.swift */; };
		AE776E661E536B1B00D3ADB0 /* DetailNuclideVC.swift in Sources */ = {isa = PBXBuildFile; fileRef = AE776E651E536B1B00D3ADB0 /* DetailNuclideVC.swift */; };
		AE776E6A1E537D2D00D3ADB0 /* LinearGradient.swift in Sources */ = {isa = PBXBuildFile; fileRef = AE776E691E537D2D00D3ADB0 /* LinearGradient.swift */; };
		AE776E6C1E538CAE00D3ADB0 /* PopupSearchVC.swift in Sources */ = {isa = PBXBuildFile; fileRef = AE776E6B1E538CAE00D3ADB0 /* PopupSearchVC.swift */; };
		AE776E6E1E538F5800D3ADB0 /* PopupIsotopeCell.swift in Sources */ = {isa = PBXBuildFile; fileRef = AE776E6D1E538F5800D3ADB0 /* PopupIsotopeCell.swift */; };
		AE776E701E5390D900D3ADB0 /* CalculatorVC.swift in Sources */ = {isa = PBXBuildFile; fileRef = AE776E6F1E5390D900D3ADB0 /* CalculatorVC.swift */; };
		AE776E721E53C6E800D3ADB0 /* ConverterVC.swift in Sources */ = {isa = PBXBuildFile; fileRef = AE776E711E53C6E800D3ADB0 /* ConverterVC.swift */; };
		AE776E761E53CB0500D3ADB0 /* ConversionUnitCell.swift in Sources */ = {isa = PBXBuildFile; fileRef = AE776E751E53CB0500D3ADB0 /* ConversionUnitCell.swift */; };
		AE87BE2E1E5B599C003576E9 /* GradientView.swift in Sources */ = {isa = PBXBuildFile; fileRef = AE87BE2D1E5B599C003576E9 /* GradientView.swift */; };
		AE87BE301E5B61D3003576E9 /* RadialGradientLayer.swift in Sources */ = {isa = PBXBuildFile; fileRef = AE87BE2F1E5B61D3003576E9 /* RadialGradientLayer.swift */; };
		AE87BE321E5B8D5B003576E9 /* ConverterCalcVC.swift in Sources */ = {isa = PBXBuildFile; fileRef = AE87BE311E5B8D5B003576E9 /* ConverterCalcVC.swift */; };
		AE87BE341E5B8E02003576E9 /* ConverterCalcCell.swift in Sources */ = {isa = PBXBuildFile; fileRef = AE87BE331E5B8E02003576E9 /* ConverterCalcCell.swift */; };
		AE87BE361E5B9332003576E9 /* UIViewExtension.swift in Sources */ = {isa = PBXBuildFile; fileRef = AE87BE351E5B9332003576E9 /* UIViewExtension.swift */; };
		AEB5D43D1E44F85C00A6D8DD /* Element.swift in Sources */ = {isa = PBXBuildFile; fileRef = AEB5D43C1E44F85C00A6D8DD /* Element.swift */; };
		AEB5D43F1E44F90600A6D8DD /* nuclides.json in Resources */ = {isa = PBXBuildFile; fileRef = AEB5D43E1E44F90600A6D8DD /* nuclides.json */; };
		AEB5D4411E44FA4E00A6D8DD /* Isotope.swift in Sources */ = {isa = PBXBuildFile; fileRef = AEB5D4401E44FA4E00A6D8DD /* Isotope.swift */; };
		AEB5D4441E44FCC300A6D8DD /* DataService.swift in Sources */ = {isa = PBXBuildFile; fileRef = AEB5D4431E44FCC300A6D8DD /* DataService.swift */; };
		AEB5D4461E450A3500A6D8DD /* ShadowView.swift in Sources */ = {isa = PBXBuildFile; fileRef = AEB5D4451E450A3500A6D8DD /* ShadowView.swift */; };
		AEB5D4481E450A6100A6D8DD /* Constants.swift in Sources */ = {isa = PBXBuildFile; fileRef = AEB5D4471E450A6100A6D8DD /* Constants.swift */; };
		AEB5D44A1E450CCB00A6D8DD /* ElementCell.swift in Sources */ = {isa = PBXBuildFile; fileRef = AEB5D4491E450CCB00A6D8DD /* ElementCell.swift */; };
		AEB5D44C1E45114A00A6D8DD /* IsotopeCell.swift in Sources */ = {isa = PBXBuildFile; fileRef = AEB5D44B1E45114A00A6D8DD /* IsotopeCell.swift */; };
		AEB5D44E1E451E3E00A6D8DD /* BorderlessSearchBar.swift in Sources */ = {isa = PBXBuildFile; fileRef = AEB5D44D1E451E3E00A6D8DD /* BorderlessSearchBar.swift */; };
		AEB5D4501E45290600A6D8DD /* ShadowTabBar.swift in Sources */ = {isa = PBXBuildFile; fileRef = AEB5D44F1E45290600A6D8DD /* ShadowTabBar.swift */; };
		AECD264B1E551B8C00282462 /* CKWaveCollectionViewAnimator.swift in Sources */ = {isa = PBXBuildFile; fileRef = AECD26461E551B8C00282462 /* CKWaveCollectionViewAnimator.swift */; };
		AECD264C1E551B8C00282462 /* UIApplicationExtension.swift in Sources */ = {isa = PBXBuildFile; fileRef = AECD26471E551B8C00282462 /* UIApplicationExtension.swift */; };
		AECD264D1E551B8C00282462 /* UICollectionViewControllerExtension.swift in Sources */ = {isa = PBXBuildFile; fileRef = AECD26481E551B8C00282462 /* UICollectionViewControllerExtension.swift */; };
		AECD264E1E551B8C00282462 /* UICollectionViewExtension.swift in Sources */ = {isa = PBXBuildFile; fileRef = AECD26491E551B8C00282462 /* UICollectionViewExtension.swift */; };
		AECD264F1E551B8C00282462 /* UIViewControllerExtension.swift in Sources */ = {isa = PBXBuildFile; fileRef = AECD264A1E551B8C00282462 /* UIViewControllerExtension.swift */; };
		AECD26511E551C7400282462 /* NavigationControllerDelegate.swift in Sources */ = {isa = PBXBuildFile; fileRef = AECD26501E551C7400282462 /* NavigationControllerDelegate.swift */; };
		AECD26541E551DCD00282462 /* UIViewHexColorExtension.swift in Sources */ = {isa = PBXBuildFile; fileRef = AECD26531E551DCD00282462 /* UIViewHexColorExtension.swift */; };
		AECD26561E5520CD00282462 /* StringSubStringExtension.swift in Sources */ = {isa = PBXBuildFile; fileRef = AECD26551E5520CD00282462 /* StringSubStringExtension.swift */; };
		AECD26581E560B4E00282462 /* UICollectionViewFlowLayoutExtension.swift in Sources */ = {isa = PBXBuildFile; fileRef = AECD26571E560B4E00282462 /* UICollectionViewFlowLayoutExtension.swift */; };
		AECF21701E563B9C00FA4D4C /* MZGradientCircleLayer.m in Sources */ = {isa = PBXBuildFile; fileRef = AECF21691E563B9C00FA4D4C /* MZGradientCircleLayer.m */; };
		AECF21711E563B9C00FA4D4C /* MZMaskZoomTransition.m in Sources */ = {isa = PBXBuildFile; fileRef = AECF216B1E563B9C00FA4D4C /* MZMaskZoomTransition.m */; };
		AECF21721E563B9C00FA4D4C /* MZMaskZoomTransitioningDelegate.m in Sources */ = {isa = PBXBuildFile; fileRef = AECF216D1E563B9C00FA4D4C /* MZMaskZoomTransitioningDelegate.m */; };
		AECF21731E563B9C00FA4D4C /* UIViewController+MZContentViewController.m in Sources */ = {isa = PBXBuildFile; fileRef = AECF216F1E563B9C00FA4D4C /* UIViewController+MZContentViewController.m */; };
		AECF21761E56445700FA4D4C /* MZMaskZoomTransitionPresentedViewControllerProtocol.swift in Sources */ = {isa = PBXBuildFile; fileRef = AECF21751E56445700FA4D4C /* MZMaskZoomTransitionPresentedViewControllerProtocol.swift */; };
		AED614DC1E5BA145008BA18C /* Popover.swift in Sources */ = {isa = PBXBuildFile; fileRef = AED614DB1E5BA145008BA18C /* Popover.swift */; };
		AED614E01E5BBE95008BA18C /* UIView+LeoMaskAnimation.m in Sources */ = {isa = PBXBuildFile; fileRef = AED614DF1E5BBE95008BA18C /* UIView+LeoMaskAnimation.m */; };
		AEF0AA331E58F8380061F998 /* UIColor+Initializers.swift in Sources */ = {isa = PBXBuildFile; fileRef = AEF0AA2F1E58F8380061F998 /* UIColor+Initializers.swift */; };
/* End PBXBuildFile section */

/* Begin PBXFileReference section */
		70B5A563512EE6E4EE9E3FCE /* Pods_chartofnuclides.framework */ = {isa = PBXFileReference; explicitFileType = wrapper.framework; includeInIndex = 0; path = Pods_chartofnuclides.framework; sourceTree = BUILT_PRODUCTS_DIR; };
		7C9FBFF13B47E5C7710613D7 /* Pods-chartofnuclides.debug.xcconfig */ = {isa = PBXFileReference; includeInIndex = 1; lastKnownFileType = text.xcconfig; name = "Pods-chartofnuclides.debug.xcconfig"; path = "Pods/Target Support Files/Pods-chartofnuclides/Pods-chartofnuclides.debug.xcconfig"; sourceTree = "<group>"; };
		AE183F2A1E5CBEAD00C72291 /* ElementManager.swift */ = {isa = PBXFileReference; fileEncoding = 4; lastKnownFileType = sourcecode.swift; path = ElementManager.swift; sourceTree = "<group>"; };
		AE183F521E5CC94500C72291 /* FadeInAnimator.swift */ = {isa = PBXFileReference; fileEncoding = 4; lastKnownFileType = sourcecode.swift; path = FadeInAnimator.swift; sourceTree = "<group>"; };
		AE183F541E5CC97300C72291 /* CalculatorNavigationControllerDelegate.swift */ = {isa = PBXFileReference; fileEncoding = 4; lastKnownFileType = sourcecode.swift; path = CalculatorNavigationControllerDelegate.swift; sourceTree = "<group>"; };
		AE33CB2D1E53DFCC00E86E28 /* chartofnuclides-Bridging-Header.h */ = {isa = PBXFileReference; lastKnownFileType = sourcecode.c.h; path = "chartofnuclides-Bridging-Header.h"; sourceTree = "<group>"; };
		AE5EDFEC1E43FF1B00EEAD8C /* chartofnuclides.app */ = {isa = PBXFileReference; explicitFileType = wrapper.application; includeInIndex = 0; path = chartofnuclides.app; sourceTree = BUILT_PRODUCTS_DIR; };
		AE5EDFEF1E43FF1B00EEAD8C /* AppDelegate.swift */ = {isa = PBXFileReference; lastKnownFileType = sourcecode.swift; path = AppDelegate.swift; sourceTree = "<group>"; };
		AE5EDFF11E43FF1B00EEAD8C /* MainVC.swift */ = {isa = PBXFileReference; lastKnownFileType = sourcecode.swift; path = MainVC.swift; sourceTree = "<group>"; };
		AE5EDFF41E43FF1B00EEAD8C /* Base */ = {isa = PBXFileReference; lastKnownFileType = file.storyboard; name = Base; path = Base.lproj/Main.storyboard; sourceTree = "<group>"; };
		AE5EDFF91E43FF1B00EEAD8C /* Base */ = {isa = PBXFileReference; lastKnownFileType = file.storyboard; name = Base; path = Base.lproj/LaunchScreen.storyboard; sourceTree = "<group>"; };
		AE5EDFFB1E43FF1B00EEAD8C /* Info.plist */ = {isa = PBXFileReference; lastKnownFileType = text.plist.xml; path = Info.plist; sourceTree = "<group>"; };
		AE776E5B1E53661E00D3ADB0 /* Assets.xcassets */ = {isa = PBXFileReference; lastKnownFileType = folder.assetcatalog; path = Assets.xcassets; sourceTree = "<group>"; };
		AE776E5D1E5367C500D3ADB0 /* InspectableBorderView.swift */ = {isa = PBXFileReference; fileEncoding = 4; lastKnownFileType = sourcecode.swift; path = InspectableBorderView.swift; sourceTree = "<group>"; };
		AE776E5E1E5367C500D3ADB0 /* InspectableShadowView.swift */ = {isa = PBXFileReference; fileEncoding = 4; lastKnownFileType = sourcecode.swift; path = InspectableShadowView.swift; sourceTree = "<group>"; };
		AE776E5F1E5367C500D3ADB0 /* RadialGradientView.swift */ = {isa = PBXFileReference; fileEncoding = 4; lastKnownFileType = sourcecode.swift; path = RadialGradientView.swift; sourceTree = "<group>"; };
		AE776E651E536B1B00D3ADB0 /* DetailNuclideVC.swift */ = {isa = PBXFileReference; fileEncoding = 4; lastKnownFileType = sourcecode.swift; path = DetailNuclideVC.swift; sourceTree = "<group>"; };
		AE776E691E537D2D00D3ADB0 /* LinearGradient.swift */ = {isa = PBXFileReference; fileEncoding = 4; lastKnownFileType = sourcecode.swift; path = LinearGradient.swift; sourceTree = "<group>"; };
		AE776E6B1E538CAE00D3ADB0 /* PopupSearchVC.swift */ = {isa = PBXFileReference; fileEncoding = 4; lastKnownFileType = sourcecode.swift; path = PopupSearchVC.swift; sourceTree = "<group>"; };
		AE776E6D1E538F5800D3ADB0 /* PopupIsotopeCell.swift */ = {isa = PBXFileReference; fileEncoding = 4; lastKnownFileType = sourcecode.swift; path = PopupIsotopeCell.swift; sourceTree = "<group>"; };
		AE776E6F1E5390D900D3ADB0 /* CalculatorVC.swift */ = {isa = PBXFileReference; fileEncoding = 4; lastKnownFileType = sourcecode.swift; path = CalculatorVC.swift; sourceTree = "<group>"; };
		AE776E711E53C6E800D3ADB0 /* ConverterVC.swift */ = {isa = PBXFileReference; fileEncoding = 4; lastKnownFileType = sourcecode.swift; path = ConverterVC.swift; sourceTree = "<group>"; };
		AE776E751E53CB0500D3ADB0 /* ConversionUnitCell.swift */ = {isa = PBXFileReference; fileEncoding = 4; lastKnownFileType = sourcecode.swift; path = ConversionUnitCell.swift; sourceTree = "<group>"; };
		AE87BE2D1E5B599C003576E9 /* GradientView.swift */ = {isa = PBXFileReference; fileEncoding = 4; lastKnownFileType = sourcecode.swift; path = GradientView.swift; sourceTree = "<group>"; };
		AE87BE2F1E5B61D3003576E9 /* RadialGradientLayer.swift */ = {isa = PBXFileReference; fileEncoding = 4; lastKnownFileType = sourcecode.swift; path = RadialGradientLayer.swift; sourceTree = "<group>"; };
		AE87BE311E5B8D5B003576E9 /* ConverterCalcVC.swift */ = {isa = PBXFileReference; fileEncoding = 4; lastKnownFileType = sourcecode.swift; path = ConverterCalcVC.swift; sourceTree = "<group>"; };
		AE87BE331E5B8E02003576E9 /* ConverterCalcCell.swift */ = {isa = PBXFileReference; fileEncoding = 4; lastKnownFileType = sourcecode.swift; path = ConverterCalcCell.swift; sourceTree = "<group>"; };
		AE87BE351E5B9332003576E9 /* UIViewExtension.swift */ = {isa = PBXFileReference; fileEncoding = 4; lastKnownFileType = sourcecode.swift; path = UIViewExtension.swift; sourceTree = "<group>"; };
		AEB5D43C1E44F85C00A6D8DD /* Element.swift */ = {isa = PBXFileReference; fileEncoding = 4; lastKnownFileType = sourcecode.swift; path = Element.swift; sourceTree = "<group>"; };
		AEB5D43E1E44F90600A6D8DD /* nuclides.json */ = {isa = PBXFileReference; fileEncoding = 4; lastKnownFileType = text.json; path = nuclides.json; sourceTree = "<group>"; };
		AEB5D4401E44FA4E00A6D8DD /* Isotope.swift */ = {isa = PBXFileReference; fileEncoding = 4; lastKnownFileType = sourcecode.swift; path = Isotope.swift; sourceTree = "<group>"; };
		AEB5D4431E44FCC300A6D8DD /* DataService.swift */ = {isa = PBXFileReference; fileEncoding = 4; lastKnownFileType = sourcecode.swift; path = DataService.swift; sourceTree = "<group>"; };
		AEB5D4451E450A3500A6D8DD /* ShadowView.swift */ = {isa = PBXFileReference; fileEncoding = 4; lastKnownFileType = sourcecode.swift; path = ShadowView.swift; sourceTree = "<group>"; };
		AEB5D4471E450A6100A6D8DD /* Constants.swift */ = {isa = PBXFileReference; fileEncoding = 4; lastKnownFileType = sourcecode.swift; path = Constants.swift; sourceTree = "<group>"; };
		AEB5D4491E450CCB00A6D8DD /* ElementCell.swift */ = {isa = PBXFileReference; fileEncoding = 4; lastKnownFileType = sourcecode.swift; path = ElementCell.swift; sourceTree = "<group>"; };
		AEB5D44B1E45114A00A6D8DD /* IsotopeCell.swift */ = {isa = PBXFileReference; fileEncoding = 4; lastKnownFileType = sourcecode.swift; path = IsotopeCell.swift; sourceTree = "<group>"; };
		AEB5D44D1E451E3E00A6D8DD /* BorderlessSearchBar.swift */ = {isa = PBXFileReference; fileEncoding = 4; lastKnownFileType = sourcecode.swift; path = BorderlessSearchBar.swift; sourceTree = "<group>"; };
		AEB5D44F1E45290600A6D8DD /* ShadowTabBar.swift */ = {isa = PBXFileReference; fileEncoding = 4; lastKnownFileType = sourcecode.swift; path = ShadowTabBar.swift; sourceTree = "<group>"; };
		AECD26461E551B8C00282462 /* CKWaveCollectionViewAnimator.swift */ = {isa = PBXFileReference; fileEncoding = 4; lastKnownFileType = sourcecode.swift; path = CKWaveCollectionViewAnimator.swift; sourceTree = "<group>"; };
		AECD26471E551B8C00282462 /* UIApplicationExtension.swift */ = {isa = PBXFileReference; fileEncoding = 4; lastKnownFileType = sourcecode.swift; path = UIApplicationExtension.swift; sourceTree = "<group>"; };
		AECD26481E551B8C00282462 /* UICollectionViewControllerExtension.swift */ = {isa = PBXFileReference; fileEncoding = 4; lastKnownFileType = sourcecode.swift; path = UICollectionViewControllerExtension.swift; sourceTree = "<group>"; };
		AECD26491E551B8C00282462 /* UICollectionViewExtension.swift */ = {isa = PBXFileReference; fileEncoding = 4; lastKnownFileType = sourcecode.swift; path = UICollectionViewExtension.swift; sourceTree = "<group>"; };
		AECD264A1E551B8C00282462 /* UIViewControllerExtension.swift */ = {isa = PBXFileReference; fileEncoding = 4; lastKnownFileType = sourcecode.swift; path = UIViewControllerExtension.swift; sourceTree = "<group>"; };
		AECD26501E551C7400282462 /* NavigationControllerDelegate.swift */ = {isa = PBXFileReference; fileEncoding = 4; lastKnownFileType = sourcecode.swift; path = NavigationControllerDelegate.swift; sourceTree = "<group>"; };
		AECD26531E551DCD00282462 /* UIViewHexColorExtension.swift */ = {isa = PBXFileReference; fileEncoding = 4; lastKnownFileType = sourcecode.swift; path = UIViewHexColorExtension.swift; sourceTree = "<group>"; };
		AECD26551E5520CD00282462 /* StringSubStringExtension.swift */ = {isa = PBXFileReference; fileEncoding = 4; lastKnownFileType = sourcecode.swift; path = StringSubStringExtension.swift; sourceTree = "<group>"; };
		AECD26571E560B4E00282462 /* UICollectionViewFlowLayoutExtension.swift */ = {isa = PBXFileReference; fileEncoding = 4; lastKnownFileType = sourcecode.swift; path = UICollectionViewFlowLayoutExtension.swift; sourceTree = "<group>"; };
		AECF21681E563B9C00FA4D4C /* MZGradientCircleLayer.h */ = {isa = PBXFileReference; fileEncoding = 4; lastKnownFileType = sourcecode.c.h; path = MZGradientCircleLayer.h; sourceTree = "<group>"; };
		AECF21691E563B9C00FA4D4C /* MZGradientCircleLayer.m */ = {isa = PBXFileReference; fileEncoding = 4; lastKnownFileType = sourcecode.c.objc; path = MZGradientCircleLayer.m; sourceTree = "<group>"; };
		AECF216A1E563B9C00FA4D4C /* MZMaskZoomTransition.h */ = {isa = PBXFileReference; fileEncoding = 4; lastKnownFileType = sourcecode.c.h; path = MZMaskZoomTransition.h; sourceTree = "<group>"; };
		AECF216B1E563B9C00FA4D4C /* MZMaskZoomTransition.m */ = {isa = PBXFileReference; fileEncoding = 4; lastKnownFileType = sourcecode.c.objc; path = MZMaskZoomTransition.m; sourceTree = "<group>"; };
		AECF216C1E563B9C00FA4D4C /* MZMaskZoomTransitioningDelegate.h */ = {isa = PBXFileReference; fileEncoding = 4; lastKnownFileType = sourcecode.c.h; path = MZMaskZoomTransitioningDelegate.h; sourceTree = "<group>"; };
		AECF216D1E563B9C00FA4D4C /* MZMaskZoomTransitioningDelegate.m */ = {isa = PBXFileReference; fileEncoding = 4; lastKnownFileType = sourcecode.c.objc; path = MZMaskZoomTransitioningDelegate.m; sourceTree = "<group>"; };
		AECF216E1E563B9C00FA4D4C /* UIViewController+MZContentViewController.h */ = {isa = PBXFileReference; fileEncoding = 4; lastKnownFileType = sourcecode.c.h; path = "UIViewController+MZContentViewController.h"; sourceTree = "<group>"; };
		AECF216F1E563B9C00FA4D4C /* UIViewController+MZContentViewController.m */ = {isa = PBXFileReference; fileEncoding = 4; lastKnownFileType = sourcecode.c.objc; path = "UIViewController+MZContentViewController.m"; sourceTree = "<group>"; };
		AECF21751E56445700FA4D4C /* MZMaskZoomTransitionPresentedViewControllerProtocol.swift */ = {isa = PBXFileReference; fileEncoding = 4; lastKnownFileType = sourcecode.swift; path = MZMaskZoomTransitionPresentedViewControllerProtocol.swift; sourceTree = "<group>"; };
		AED614DB1E5BA145008BA18C /* Popover.swift */ = {isa = PBXFileReference; fileEncoding = 4; lastKnownFileType = sourcecode.swift; path = Popover.swift; sourceTree = "<group>"; };
		AED614DE1E5BBE95008BA18C /* UIView+LeoMaskAnimation.h */ = {isa = PBXFileReference; fileEncoding = 4; lastKnownFileType = sourcecode.c.h; path = "UIView+LeoMaskAnimation.h"; sourceTree = "<group>"; };
		AED614DF1E5BBE95008BA18C /* UIView+LeoMaskAnimation.m */ = {isa = PBXFileReference; fileEncoding = 4; lastKnownFileType = sourcecode.c.objc; path = "UIView+LeoMaskAnimation.m"; sourceTree = "<group>"; };
		AEF0AA2F1E58F8380061F998 /* UIColor+Initializers.swift */ = {isa = PBXFileReference; fileEncoding = 4; lastKnownFileType = sourcecode.swift; path = "UIColor+Initializers.swift"; sourceTree = "<group>"; };
		E67CC75D03BE64CB7305DEBB /* Pods-chartofnuclides.release.xcconfig */ = {isa = PBXFileReference; includeInIndex = 1; lastKnownFileType = text.xcconfig; name = "Pods-chartofnuclides.release.xcconfig"; path = "Pods/Target Support Files/Pods-chartofnuclides/Pods-chartofnuclides.release.xcconfig"; sourceTree = "<group>"; };
/* End PBXFileReference section */

/* Begin PBXFrameworksBuildPhase section */
		AE5EDFE91E43FF1B00EEAD8C /* Frameworks */ = {
			isa = PBXFrameworksBuildPhase;
			buildActionMask = 2147483647;
			files = (
				46F7820452121C5017851CE1 /* Pods_chartofnuclides.framework in Frameworks */,
			);
			runOnlyForDeploymentPostprocessing = 0;
		};
/* End PBXFrameworksBuildPhase section */

/* Begin PBXGroup section */
		9F2CAF32C1A275BDBA3B0424 /* Frameworks */ = {
			isa = PBXGroup;
			children = (
				70B5A563512EE6E4EE9E3FCE /* Pods_chartofnuclides.framework */,
			);
			name = Frameworks;
			sourceTree = "<group>";
		};
		AE183F511E5CC93800C72291 /* Animators */ = {
			isa = PBXGroup;
			children = (
				AE183F521E5CC94500C72291 /* FadeInAnimator.swift */,
				AE183F541E5CC97300C72291 /* CalculatorNavigationControllerDelegate.swift */,
			);
			name = Animators;
			sourceTree = "<group>";
		};
		AE478B191E58D54D002F8E5F /* Pods-Manual */ = {
			isa = PBXGroup;
			children = (
				AED614DD1E5BBE80008BA18C /* LeoMask */,
				AED614DA1E5BA13D008BA18C /* Popover */,
				AECD26451E551B7A00282462 /* CKWaveCollectionViewTransition */,
				AECF21671E563B8800FA4D4C /* MaskZoomTransition */,
			);
			name = "Pods-Manual";
			sourceTree = "<group>";
		};
		AE5EDFE31E43FF1B00EEAD8C = {
			isa = PBXGroup;
			children = (
				AE5EDFEE1E43FF1B00EEAD8C /* chartofnuclides */,
				AE5EDFED1E43FF1B00EEAD8C /* Products */,
				FA8800B703CCDA3FA6E3F955 /* Pods */,
				9F2CAF32C1A275BDBA3B0424 /* Frameworks */,
			);
			sourceTree = "<group>";
		};
		AE5EDFED1E43FF1B00EEAD8C /* Products */ = {
			isa = PBXGroup;
			children = (
				AE5EDFEC1E43FF1B00EEAD8C /* chartofnuclides.app */,
			);
			name = Products;
			sourceTree = "<group>";
		};
		AE5EDFEE1E43FF1B00EEAD8C /* chartofnuclides */ = {
			isa = PBXGroup;
			children = (
				AE183F511E5CC93800C72291 /* Animators */,
				AE478B191E58D54D002F8E5F /* Pods-Manual */,
				AECD26521E551DAF00282462 /* Extensions */,
				AEB5D4421E44FCAC00A6D8DD /* Services */,
				AE5EE0091E44001000EEAD8C /* Utilities */,
				AE5EE0041E43FF3400EEAD8C /* Resources */,
				AE5EE0031E43FF2A00EEAD8C /* Model */,
				AE5EE0021E43FF2600EEAD8C /* View */,
				AE5EE0011E43FF2100EEAD8C /* Controller */,
				AE5EDFEF1E43FF1B00EEAD8C /* AppDelegate.swift */,
				AECD26501E551C7400282462 /* NavigationControllerDelegate.swift */,
				AE5EDFFB1E43FF1B00EEAD8C /* Info.plist */,
				AE33CB2D1E53DFCC00E86E28 /* chartofnuclides-Bridging-Header.h */,
			);
			path = chartofnuclides;
			sourceTree = "<group>";
		};
		AE5EE0011E43FF2100EEAD8C /* Controller */ = {
			isa = PBXGroup;
			children = (
				AE5EDFF11E43FF1B00EEAD8C /* MainVC.swift */,
				AE776E651E536B1B00D3ADB0 /* DetailNuclideVC.swift */,
				AE776E6F1E5390D900D3ADB0 /* CalculatorVC.swift */,
				AE776E6B1E538CAE00D3ADB0 /* PopupSearchVC.swift */,
				AE776E711E53C6E800D3ADB0 /* ConverterVC.swift */,
				AE87BE311E5B8D5B003576E9 /* ConverterCalcVC.swift */,
			);
			name = Controller;
			sourceTree = "<group>";
		};
		AE5EE0021E43FF2600EEAD8C /* View */ = {
			isa = PBXGroup;
			children = (
				AE776E771E53CEEC00D3ADB0 /* Cells */,
				AE776E5D1E5367C500D3ADB0 /* InspectableBorderView.swift */,
				AE776E5E1E5367C500D3ADB0 /* InspectableShadowView.swift */,
				AE776E5F1E5367C500D3ADB0 /* RadialGradientView.swift */,
				AEB5D4451E450A3500A6D8DD /* ShadowView.swift */,
				AEB5D44D1E451E3E00A6D8DD /* BorderlessSearchBar.swift */,
				AEB5D44F1E45290600A6D8DD /* ShadowTabBar.swift */,
				AE776E691E537D2D00D3ADB0 /* LinearGradient.swift */,
				AE5EDFF31E43FF1B00EEAD8C /* Main.storyboard */,
				AE5EDFF81E43FF1B00EEAD8C /* LaunchScreen.storyboard */,
				AE87BE2D1E5B599C003576E9 /* GradientView.swift */,
				AE87BE2F1E5B61D3003576E9 /* RadialGradientLayer.swift */,
			);
			name = View;
			sourceTree = "<group>";
		};
		AE5EE0031E43FF2A00EEAD8C /* Model */ = {
			isa = PBXGroup;
			children = (
				AEB5D43C1E44F85C00A6D8DD /* Element.swift */,
				AEB5D4401E44FA4E00A6D8DD /* Isotope.swift */,
				AE183F2A1E5CBEAD00C72291 /* ElementManager.swift */,
			);
			name = Model;
			sourceTree = "<group>";
		};
		AE5EE0041E43FF3400EEAD8C /* Resources */ = {
			isa = PBXGroup;
			children = (
				AE776E5B1E53661E00D3ADB0 /* Assets.xcassets */,
				AEB5D43E1E44F90600A6D8DD /* nuclides.json */,
			);
			name = Resources;
			sourceTree = "<group>";
		};
		AE5EE0091E44001000EEAD8C /* Utilities */ = {
			isa = PBXGroup;
			children = (
				AEB5D4471E450A6100A6D8DD /* Constants.swift */,
			);
			name = Utilities;
			sourceTree = "<group>";
		};
		AE776E771E53CEEC00D3ADB0 /* Cells */ = {
			isa = PBXGroup;
			children = (
				AE776E6D1E538F5800D3ADB0 /* PopupIsotopeCell.swift */,
				AE776E751E53CB0500D3ADB0 /* ConversionUnitCell.swift */,
				AEB5D4491E450CCB00A6D8DD /* ElementCell.swift */,
				AEB5D44B1E45114A00A6D8DD /* IsotopeCell.swift */,
				AE87BE331E5B8E02003576E9 /* ConverterCalcCell.swift */,
			);
			name = Cells;
			sourceTree = "<group>";
		};
		AEB5D4421E44FCAC00A6D8DD /* Services */ = {
			isa = PBXGroup;
			children = (
				AEB5D4431E44FCC300A6D8DD /* DataService.swift */,
			);
			name = Services;
			sourceTree = "<group>";
		};
		AECD26451E551B7A00282462 /* CKWaveCollectionViewTransition */ = {
			isa = PBXGroup;
			children = (
				AECD26461E551B8C00282462 /* CKWaveCollectionViewAnimator.swift */,
				AECD26471E551B8C00282462 /* UIApplicationExtension.swift */,
				AECD26481E551B8C00282462 /* UICollectionViewControllerExtension.swift */,
				AECD26491E551B8C00282462 /* UICollectionViewExtension.swift */,
				AECD264A1E551B8C00282462 /* UIViewControllerExtension.swift */,
				AE87BE351E5B9332003576E9 /* UIViewExtension.swift */,
			);
			name = CKWaveCollectionViewTransition;
			sourceTree = "<group>";
		};
		AECD26521E551DAF00282462 /* Extensions */ = {
			isa = PBXGroup;
			children = (
				AEF0AA2F1E58F8380061F998 /* UIColor+Initializers.swift */,
				AECD26531E551DCD00282462 /* UIViewHexColorExtension.swift */,
				AECD26551E5520CD00282462 /* StringSubStringExtension.swift */,
				AECD26571E560B4E00282462 /* UICollectionViewFlowLayoutExtension.swift */,
			);
			name = Extensions;
			sourceTree = "<group>";
		};
		AECF21671E563B8800FA4D4C /* MaskZoomTransition */ = {
			isa = PBXGroup;
			children = (
				AECF21741E56443F00FA4D4C /* protocol */,
				AECF21681E563B9C00FA4D4C /* MZGradientCircleLayer.h */,
				AECF21691E563B9C00FA4D4C /* MZGradientCircleLayer.m */,
				AECF216A1E563B9C00FA4D4C /* MZMaskZoomTransition.h */,
				AECF216B1E563B9C00FA4D4C /* MZMaskZoomTransition.m */,
				AECF216C1E563B9C00FA4D4C /* MZMaskZoomTransitioningDelegate.h */,
				AECF216D1E563B9C00FA4D4C /* MZMaskZoomTransitioningDelegate.m */,
				AECF216E1E563B9C00FA4D4C /* UIViewController+MZContentViewController.h */,
				AECF216F1E563B9C00FA4D4C /* UIViewController+MZContentViewController.m */,
			);
			name = MaskZoomTransition;
			sourceTree = "<group>";
		};
		AECF21741E56443F00FA4D4C /* protocol */ = {
			isa = PBXGroup;
			children = (
				AECF21751E56445700FA4D4C /* MZMaskZoomTransitionPresentedViewControllerProtocol.swift */,
			);
			name = protocol;
			sourceTree = "<group>";
		};
		AED614DA1E5BA13D008BA18C /* Popover */ = {
			isa = PBXGroup;
			children = (
				AED614DB1E5BA145008BA18C /* Popover.swift */,
			);
			name = Popover;
			sourceTree = "<group>";
		};
		AED614DD1E5BBE80008BA18C /* LeoMask */ = {
			isa = PBXGroup;
			children = (
				AED614DE1E5BBE95008BA18C /* UIView+LeoMaskAnimation.h */,
				AED614DF1E5BBE95008BA18C /* UIView+LeoMaskAnimation.m */,
			);
			name = LeoMask;
			sourceTree = "<group>";
		};
		FA8800B703CCDA3FA6E3F955 /* Pods */ = {
			isa = PBXGroup;
			children = (
				7C9FBFF13B47E5C7710613D7 /* Pods-chartofnuclides.debug.xcconfig */,
				E67CC75D03BE64CB7305DEBB /* Pods-chartofnuclides.release.xcconfig */,
			);
			name = Pods;
			sourceTree = "<group>";
		};
/* End PBXGroup section */

/* Begin PBXNativeTarget section */
		AE5EDFEB1E43FF1B00EEAD8C /* chartofnuclides */ = {
			isa = PBXNativeTarget;
			buildConfigurationList = AE5EDFFE1E43FF1B00EEAD8C /* Build configuration list for PBXNativeTarget "chartofnuclides" */;
			buildPhases = (
				1074099AB6566EEA344B3D14 /* [CP] Check Pods Manifest.lock */,
				AE5EDFE81E43FF1B00EEAD8C /* Sources */,
				AE5EDFE91E43FF1B00EEAD8C /* Frameworks */,
				AE5EDFEA1E43FF1B00EEAD8C /* Resources */,
				F051FE074C99192680AD87E8 /* [CP] Embed Pods Frameworks */,
				4DC0D5539665BD34BC455831 /* [CP] Copy Pods Resources */,
			);
			buildRules = (
			);
			dependencies = (
			);
			name = chartofnuclides;
			productName = chartofnuclides;
			productReference = AE5EDFEC1E43FF1B00EEAD8C /* chartofnuclides.app */;
			productType = "com.apple.product-type.application";
		};
/* End PBXNativeTarget section */

/* Begin PBXProject section */
		AE5EDFE41E43FF1B00EEAD8C /* Project object */ = {
			isa = PBXProject;
			attributes = {
				LastSwiftUpdateCheck = 0820;
				LastUpgradeCheck = 0820;
				ORGANIZATIONNAME = "Jacob Landman";
				TargetAttributes = {
					AE5EDFEB1E43FF1B00EEAD8C = {
						CreatedOnToolsVersion = 8.2.1;
						DevelopmentTeam = E294R2UKFW;
						ProvisioningStyle = Automatic;
					};
				};
			};
			buildConfigurationList = AE5EDFE71E43FF1B00EEAD8C /* Build configuration list for PBXProject "chartofnuclides" */;
			compatibilityVersion = "Xcode 3.2";
			developmentRegion = English;
			hasScannedForEncodings = 0;
			knownRegions = (
				en,
				Base,
			);
			mainGroup = AE5EDFE31E43FF1B00EEAD8C;
			productRefGroup = AE5EDFED1E43FF1B00EEAD8C /* Products */;
			projectDirPath = "";
			projectRoot = "";
			targets = (
				AE5EDFEB1E43FF1B00EEAD8C /* chartofnuclides */,
			);
		};
/* End PBXProject section */

/* Begin PBXResourcesBuildPhase section */
		AE5EDFEA1E43FF1B00EEAD8C /* Resources */ = {
			isa = PBXResourcesBuildPhase;
			buildActionMask = 2147483647;
			files = (
				AEB5D43F1E44F90600A6D8DD /* nuclides.json in Resources */,
				AE5EDFFA1E43FF1B00EEAD8C /* LaunchScreen.storyboard in Resources */,
				AE776E5C1E53661E00D3ADB0 /* Assets.xcassets in Resources */,
				AE5EDFF51E43FF1B00EEAD8C /* Main.storyboard in Resources */,
			);
			runOnlyForDeploymentPostprocessing = 0;
		};
/* End PBXResourcesBuildPhase section */

/* Begin PBXShellScriptBuildPhase section */
		1074099AB6566EEA344B3D14 /* [CP] Check Pods Manifest.lock */ = {
			isa = PBXShellScriptBuildPhase;
			buildActionMask = 2147483647;
			files = (
			);
			inputPaths = (
			);
			name = "[CP] Check Pods Manifest.lock";
			outputPaths = (
			);
			runOnlyForDeploymentPostprocessing = 0;
			shellPath = /bin/sh;
			shellScript = "diff \"${PODS_ROOT}/../Podfile.lock\" \"${PODS_ROOT}/Manifest.lock\" > /dev/null\nif [ $? != 0 ] ; then\n    # print error to STDERR\n    echo \"error: The sandbox is not in sync with the Podfile.lock. Run 'pod install' or update your CocoaPods installation.\" >&2\n    exit 1\nfi\n";
			showEnvVarsInLog = 0;
		};
		4DC0D5539665BD34BC455831 /* [CP] Copy Pods Resources */ = {
			isa = PBXShellScriptBuildPhase;
			buildActionMask = 2147483647;
			files = (
			);
			inputPaths = (
			);
			name = "[CP] Copy Pods Resources";
			outputPaths = (
			);
			runOnlyForDeploymentPostprocessing = 0;
			shellPath = /bin/sh;
			shellScript = "\"${SRCROOT}/Pods/Target Support Files/Pods-chartofnuclides/Pods-chartofnuclides-resources.sh\"\n";
			showEnvVarsInLog = 0;
		};
		F051FE074C99192680AD87E8 /* [CP] Embed Pods Frameworks */ = {
			isa = PBXShellScriptBuildPhase;
			buildActionMask = 2147483647;
			files = (
			);
			inputPaths = (
			);
			name = "[CP] Embed Pods Frameworks";
			outputPaths = (
			);
			runOnlyForDeploymentPostprocessing = 0;
			shellPath = /bin/sh;
			shellScript = "\"${SRCROOT}/Pods/Target Support Files/Pods-chartofnuclides/Pods-chartofnuclides-frameworks.sh\"\n";
			showEnvVarsInLog = 0;
		};
/* End PBXShellScriptBuildPhase section */

/* Begin PBXSourcesBuildPhase section */
		AE5EDFE81E43FF1B00EEAD8C /* Sources */ = {
			isa = PBXSourcesBuildPhase;
			buildActionMask = 2147483647;
			files = (
				AE776E701E5390D900D3ADB0 /* CalculatorVC.swift in Sources */,
				AE5EDFF21E43FF1B00EEAD8C /* MainVC.swift in Sources */,
				AE183F551E5CC97300C72291 /* CalculatorNavigationControllerDelegate.swift in Sources */,
				AECF21711E563B9C00FA4D4C /* MZMaskZoomTransition.m in Sources */,
				AEB5D4501E45290600A6D8DD /* ShadowTabBar.swift in Sources */,
				AE87BE301E5B61D3003576E9 /* RadialGradientLayer.swift in Sources */,
				AED614E01E5BBE95008BA18C /* UIView+LeoMaskAnimation.m in Sources */,
				AE776E6E1E538F5800D3ADB0 /* PopupIsotopeCell.swift in Sources */,
				AEB5D43D1E44F85C00A6D8DD /* Element.swift in Sources */,
				AEF0AA331E58F8380061F998 /* UIColor+Initializers.swift in Sources */,
				AE776E621E5367C500D3ADB0 /* InspectableShadowView.swift in Sources */,
				AEB5D44E1E451E3E00A6D8DD /* BorderlessSearchBar.swift in Sources */,
				AECD26541E551DCD00282462 /* UIViewHexColorExtension.swift in Sources */,
				AECD264D1E551B8C00282462 /* UICollectionViewControllerExtension.swift in Sources */,
				AECD264B1E551B8C00282462 /* CKWaveCollectionViewAnimator.swift in Sources */,
				AED614DC1E5BA145008BA18C /* Popover.swift in Sources */,
				AEB5D4461E450A3500A6D8DD /* ShadowView.swift in Sources */,
				AE776E611E5367C500D3ADB0 /* InspectableBorderView.swift in Sources */,
				AE87BE361E5B9332003576E9 /* UIViewExtension.swift in Sources */,
				AECF21761E56445700FA4D4C /* MZMaskZoomTransitionPresentedViewControllerProtocol.swift in Sources */,
				AECD264F1E551B8C00282462 /* UIViewControllerExtension.swift in Sources */,
				AE87BE321E5B8D5B003576E9 /* ConverterCalcVC.swift in Sources */,
				AE776E721E53C6E800D3ADB0 /* ConverterVC.swift in Sources */,
				AECD264E1E551B8C00282462 /* UICollectionViewExtension.swift in Sources */,
				AECD264C1E551B8C00282462 /* UIApplicationExtension.swift in Sources */,
				AEB5D44C1E45114A00A6D8DD /* IsotopeCell.swift in Sources */,
				AECF21701E563B9C00FA4D4C /* MZGradientCircleLayer.m in Sources */,
				AECD26561E5520CD00282462 /* StringSubStringExtension.swift in Sources */,
				AE87BE2E1E5B599C003576E9 /* GradientView.swift in Sources */,
				AE776E6A1E537D2D00D3ADB0 /* LinearGradient.swift in Sources */,
				AECF21721E563B9C00FA4D4C /* MZMaskZoomTransitioningDelegate.m in Sources */,
				AE776E761E53CB0500D3ADB0 /* ConversionUnitCell.swift in Sources */,
				AECD26511E551C7400282462 /* NavigationControllerDelegate.swift in Sources */,
				AE5EDFF01E43FF1B00EEAD8C /* AppDelegate.swift in Sources */,
				AEB5D4481E450A6100A6D8DD /* Constants.swift in Sources */,
				AE87BE341E5B8E02003576E9 /* ConverterCalcCell.swift in Sources */,
				AE183F531E5CC94500C72291 /* FadeInAnimator.swift in Sources */,
				AEB5D4411E44FA4E00A6D8DD /* Isotope.swift in Sources */,
				AE776E6C1E538CAE00D3ADB0 /* PopupSearchVC.swift in Sources */,
				AECF21731E563B9C00FA4D4C /* UIViewController+MZContentViewController.m in Sources */,
				AEB5D44A1E450CCB00A6D8DD /* ElementCell.swift in Sources */,
				AECD26581E560B4E00282462 /* UICollectionViewFlowLayoutExtension.swift in Sources */,
				AE183F2B1E5CBEAD00C72291 /* ElementManager.swift in Sources */,
				AEB5D4441E44FCC300A6D8DD /* DataService.swift in Sources */,
				AE776E661E536B1B00D3ADB0 /* DetailNuclideVC.swift in Sources */,
				AE776E631E5367C500D3ADB0 /* RadialGradientView.swift in Sources */,
			);
			runOnlyForDeploymentPostprocessing = 0;
		};
/* End PBXSourcesBuildPhase section */

/* Begin PBXVariantGroup section */
		AE5EDFF31E43FF1B00EEAD8C /* Main.storyboard */ = {
			isa = PBXVariantGroup;
			children = (
				AE5EDFF41E43FF1B00EEAD8C /* Base */,
			);
			name = Main.storyboard;
			sourceTree = "<group>";
		};
		AE5EDFF81E43FF1B00EEAD8C /* LaunchScreen.storyboard */ = {
			isa = PBXVariantGroup;
			children = (
				AE5EDFF91E43FF1B00EEAD8C /* Base */,
			);
			name = LaunchScreen.storyboard;
			sourceTree = "<group>";
		};
/* End PBXVariantGroup section */

/* Begin XCBuildConfiguration section */
		AE5EDFFC1E43FF1B00EEAD8C /* Debug */ = {
			isa = XCBuildConfiguration;
			baseConfigurationReference = 7C9FBFF13B47E5C7710613D7 /* Pods-chartofnuclides.debug.xcconfig */;
			buildSettings = {
				ALWAYS_EMBED_SWIFT_STANDARD_LIBRARIES = "$(inherited)";
				ALWAYS_SEARCH_USER_PATHS = NO;
				CLANG_ANALYZER_NONNULL = YES;
				CLANG_CXX_LANGUAGE_STANDARD = "gnu++0x";
				CLANG_CXX_LIBRARY = "libc++";
				CLANG_ENABLE_MODULES = YES;
				CLANG_ENABLE_OBJC_ARC = YES;
				CLANG_WARN_BOOL_CONVERSION = YES;
				CLANG_WARN_CONSTANT_CONVERSION = YES;
				CLANG_WARN_DIRECT_OBJC_ISA_USAGE = YES_ERROR;
				CLANG_WARN_DOCUMENTATION_COMMENTS = YES;
				CLANG_WARN_EMPTY_BODY = YES;
				CLANG_WARN_ENUM_CONVERSION = YES;
				CLANG_WARN_INFINITE_RECURSION = YES;
				CLANG_WARN_INT_CONVERSION = YES;
				CLANG_WARN_OBJC_ROOT_CLASS = YES_ERROR;
				CLANG_WARN_SUSPICIOUS_MOVE = YES;
				CLANG_WARN_UNREACHABLE_CODE = YES;
				CLANG_WARN__DUPLICATE_METHOD_MATCH = YES;
				"CODE_SIGN_IDENTITY[sdk=iphoneos*]" = "iPhone Developer";
				COPY_PHASE_STRIP = NO;
				DEBUG_INFORMATION_FORMAT = dwarf;
				ENABLE_STRICT_OBJC_MSGSEND = YES;
				ENABLE_TESTABILITY = YES;
				GCC_C_LANGUAGE_STANDARD = gnu99;
				GCC_DYNAMIC_NO_PIC = NO;
				GCC_NO_COMMON_BLOCKS = YES;
				GCC_OPTIMIZATION_LEVEL = 0;
				GCC_PREPROCESSOR_DEFINITIONS = (
					"DEBUG=1",
					"$(inherited)",
				);
				GCC_WARN_64_TO_32_BIT_CONVERSION = YES;
				GCC_WARN_ABOUT_RETURN_TYPE = YES_ERROR;
				GCC_WARN_UNDECLARED_SELECTOR = YES;
				GCC_WARN_UNINITIALIZED_AUTOS = YES_AGGRESSIVE;
				GCC_WARN_UNUSED_FUNCTION = YES;
				GCC_WARN_UNUSED_VARIABLE = YES;
				IPHONEOS_DEPLOYMENT_TARGET = 10.2;
				MTL_ENABLE_DEBUG_INFO = YES;
				ONLY_ACTIVE_ARCH = YES;
				SDKROOT = iphoneos;
				SWIFT_ACTIVE_COMPILATION_CONDITIONS = DEBUG;
				SWIFT_OPTIMIZATION_LEVEL = "-Onone";
				TARGETED_DEVICE_FAMILY = "1,2";
			};
			name = Debug;
		};
		AE5EDFFD1E43FF1B00EEAD8C /* Release */ = {
			isa = XCBuildConfiguration;
			baseConfigurationReference = E67CC75D03BE64CB7305DEBB /* Pods-chartofnuclides.release.xcconfig */;
			buildSettings = {
				ALWAYS_EMBED_SWIFT_STANDARD_LIBRARIES = "$(inherited)";
				ALWAYS_SEARCH_USER_PATHS = NO;
				CLANG_ANALYZER_NONNULL = YES;
				CLANG_CXX_LANGUAGE_STANDARD = "gnu++0x";
				CLANG_CXX_LIBRARY = "libc++";
				CLANG_ENABLE_MODULES = YES;
				CLANG_ENABLE_OBJC_ARC = YES;
				CLANG_WARN_BOOL_CONVERSION = YES;
				CLANG_WARN_CONSTANT_CONVERSION = YES;
				CLANG_WARN_DIRECT_OBJC_ISA_USAGE = YES_ERROR;
				CLANG_WARN_DOCUMENTATION_COMMENTS = YES;
				CLANG_WARN_EMPTY_BODY = YES;
				CLANG_WARN_ENUM_CONVERSION = YES;
				CLANG_WARN_INFINITE_RECURSION = YES;
				CLANG_WARN_INT_CONVERSION = YES;
				CLANG_WARN_OBJC_ROOT_CLASS = YES_ERROR;
				CLANG_WARN_SUSPICIOUS_MOVE = YES;
				CLANG_WARN_UNREACHABLE_CODE = YES;
				CLANG_WARN__DUPLICATE_METHOD_MATCH = YES;
				"CODE_SIGN_IDENTITY[sdk=iphoneos*]" = "iPhone Developer";
				COPY_PHASE_STRIP = NO;
				DEBUG_INFORMATION_FORMAT = "dwarf-with-dsym";
				ENABLE_NS_ASSERTIONS = NO;
				ENABLE_STRICT_OBJC_MSGSEND = YES;
				GCC_C_LANGUAGE_STANDARD = gnu99;
				GCC_NO_COMMON_BLOCKS = YES;
				GCC_WARN_64_TO_32_BIT_CONVERSION = YES;
				GCC_WARN_ABOUT_RETURN_TYPE = YES_ERROR;
				GCC_WARN_UNDECLARED_SELECTOR = YES;
				GCC_WARN_UNINITIALIZED_AUTOS = YES_AGGRESSIVE;
				GCC_WARN_UNUSED_FUNCTION = YES;
				GCC_WARN_UNUSED_VARIABLE = YES;
				IPHONEOS_DEPLOYMENT_TARGET = 10.2;
				MTL_ENABLE_DEBUG_INFO = NO;
				SDKROOT = iphoneos;
				SWIFT_OPTIMIZATION_LEVEL = "-Owholemodule";
				TARGETED_DEVICE_FAMILY = "1,2";
				VALIDATE_PRODUCT = YES;
			};
			name = Release;
		};
		AE5EDFFF1E43FF1B00EEAD8C /* Debug */ = {
			isa = XCBuildConfiguration;
			baseConfigurationReference = 7C9FBFF13B47E5C7710613D7 /* Pods-chartofnuclides.debug.xcconfig */;
			buildSettings = {
				ALWAYS_EMBED_SWIFT_STANDARD_LIBRARIES = "$(inherited)";
				ASSETCATALOG_COMPILER_APPICON_NAME = AppIcon;
				DEVELOPMENT_TEAM = E294R2UKFW;
				INFOPLIST_FILE = chartofnuclides/Info.plist;
				LD_RUNPATH_SEARCH_PATHS = "$(inherited) @executable_path/Frameworks";
				PRODUCT_BUNDLE_IDENTIFIER = com.SSB.chartofnuclides;
				PRODUCT_NAME = "$(TARGET_NAME)";
				SWIFT_OBJC_BRIDGING_HEADER = "chartofnuclides/chartofnuclides-Bridging-Header.h";
				SWIFT_VERSION = 3.0;
			};
			name = Debug;
		};
		AE5EE0001E43FF1B00EEAD8C /* Release */ = {
			isa = XCBuildConfiguration;
			baseConfigurationReference = E67CC75D03BE64CB7305DEBB /* Pods-chartofnuclides.release.xcconfig */;
			buildSettings = {
				ALWAYS_EMBED_SWIFT_STANDARD_LIBRARIES = "$(inherited)";
				ASSETCATALOG_COMPILER_APPICON_NAME = AppIcon;
				DEVELOPMENT_TEAM = E294R2UKFW;
				INFOPLIST_FILE = chartofnuclides/Info.plist;
				LD_RUNPATH_SEARCH_PATHS = "$(inherited) @executable_path/Frameworks";
				PRODUCT_BUNDLE_IDENTIFIER = com.SSB.chartofnuclides;
				PRODUCT_NAME = "$(TARGET_NAME)";
				SWIFT_OBJC_BRIDGING_HEADER = "chartofnuclides/chartofnuclides-Bridging-Header.h";
				SWIFT_VERSION = 3.0;
			};
			name = Release;
		};
/* End XCBuildConfiguration section */

/* Begin XCConfigurationList section */
		AE5EDFE71E43FF1B00EEAD8C /* Build configuration list for PBXProject "chartofnuclides" */ = {
			isa = XCConfigurationList;
			buildConfigurations = (
				AE5EDFFC1E43FF1B00EEAD8C /* Debug */,
				AE5EDFFD1E43FF1B00EEAD8C /* Release */,
			);
			defaultConfigurationIsVisible = 0;
			defaultConfigurationName = Release;
		};
		AE5EDFFE1E43FF1B00EEAD8C /* Build configuration list for PBXNativeTarget "chartofnuclides" */ = {
			isa = XCConfigurationList;
			buildConfigurations = (
				AE5EDFFF1E43FF1B00EEAD8C /* Debug */,
				AE5EE0001E43FF1B00EEAD8C /* Release */,
			);
			defaultConfigurationIsVisible = 0;
			defaultConfigurationName = Release;
		};
/* End XCConfigurationList section */
	};
	rootObject = AE5EDFE41E43FF1B00EEAD8C /* Project object */;
}
